# @generated - this file is auto-generated by `mise lock` https://mise.en.dev/dev-tools/mise-lock.html

[[tools.age]]
version = "1.3.1"
backend = "aqua:FiloSottile/age"

[tools.age."platforms.linux-arm64"]
checksum = "sha256:c6878a324421b69e3e20b00ba17c04bc5c6dab0030cfe55bf8f68fa8d9e9093a"
url = "https://github.com/FiloSottile/age/releases/download/v1.3.1/age-v1.3.1-linux-arm64.tar.gz"
provenance = "github-attestations"

[tools.age."platforms.linux-arm64-musl"]
checksum = "sha256:c6878a324421b69e3e20b00ba17c04bc5c6dab0030cfe55bf8f68fa8d9e9093a"
url = "https://github.com/FiloSottile/age/releases/download/v1.3.1/age-v1.3.1-linux-arm64.tar.gz"
provenance = "github-attestations"

[tools.age."platforms.linux-x64"]
checksum = "sha256:bdc69c09cbdd6cf8b1f333d372a1f58247b3a33146406333e30c0f26e8f51377"
url = "https://github.com/FiloSottile/age/releases/download/v1.3.1/age-v1.3.1-linux-amd64.tar.gz"
provenance = "github-attestations"

[tools.age."platforms.linux-x64-musl"]
checksum = "sha256:bdc69c09cbdd6cf8b1f333d372a1f58247b3a33146406333e30c0f26e8f51377"
url = "https://github.com/FiloSottile/age/releases/download/v1.3.1/age-v1.3.1-linux-amd64.tar.gz"
provenance = "github-attestations"

[tools.age."platforms.macos-arm64"]
checksum = "sha256:01120ea2cbf0463d4c6bd767f99f3271bbed1cdc8a9aa718a76ba1fe4f01998b"
url = "https://github.com/FiloSottile/age/releases/download/v1.3.1/age-v1.3.1-darwin-arm64.tar.gz"
provenance = "github-attestations"

[tools.age."platforms.windows-x64"]
checksum = "sha256:c56e8ce22f7e80cb85ad946cc82d198767b056366201d3e1a2b93d865be38154"
url = "https://github.com/FiloSottile/age/releases/download/v1.3.1/age-v1.3.1-windows-amd64.zip"
provenance = "github-attestations"

[[tools."aqua:cloudnative-pg/cloudnative-pg/kubectl-cnpg"]]
version = "1.30.0"
backend = "aqua:cloudnative-pg/cloudnative-pg/kubectl-cnpg"

[tools."aqua:cloudnative-pg/cloudnative-pg/kubectl-cnpg"."platforms.linux-arm64"]
checksum = "sha256:633eec5eb13ec640284804338e64c09d3bdbf907734675dea9e30689eb77654a"
url = "https://github.com/cloudnative-pg/cloudnative-pg/releases/download/v1.30.0/kubectl-cnpg_1.30.0_linux_arm64.tar.gz"
url_api = "https://api.github.com/repos/cloudnative-pg/cloudnative-pg/releases/assets/461307825"

[tools."aqua:cloudnative-pg/cloudnative-pg/kubectl-cnpg"."platforms.linux-arm64".provenance.slsa]
url = "https://github.com/cloudnative-pg/cloudnative-pg/releases/download/v1.30.0/multiple.intoto.jsonl"

[tools."aqua:cloudnative-pg/cloudnative-pg/kubectl-cnpg"."platforms.linux-arm64-musl"]
checksum = "sha256:633eec5eb13ec640284804338e64c09d3bdbf907734675dea9e30689eb77654a"
url = "https://github.com/cloudnative-pg/cloudnative-pg/releases/download/v1.30.0/kubectl-cnpg_1.30.0_linux_arm64.tar.gz"
url_api = "https://api.github.com/repos/cloudnative-pg/cloudnative-pg/releases/assets/461307825"

[tools."aqua:cloudnative-pg/cloudnative-pg/kubectl-cnpg"."platforms.linux-arm64-musl".provenance.slsa]
url = "https://github.com/cloudnative-pg/cloudnative-pg/releases/download/v1.30.0/multiple.intoto.jsonl"

[tools."aqua:cloudnative-pg/cloudnative-pg/kubectl-cnpg"."platforms.linux-x64"]
checksum = "sha256:33784dc3b61edb0ddb1a68db6ef045bd32daace5db2ec1f0a02e0e8185eef7eb"
url = "https://github.com/cloudnative-pg/cloudnative-pg/releases/download/v1.30.0/kubectl-cnpg_1.30.0_linux_x86_64.tar.gz"
url_api = "https://api.github.com/repos/cloudnative-pg/cloudnative-pg/releases/assets/461307823"

[tools."aqua:cloudnative-pg/cloudnative-pg/kubectl-cnpg"."platforms.linux-x64".provenance.slsa]
url = "https://github.com/cloudnative-pg/cloudnative-pg/releases/download/v1.30.0/multiple.intoto.jsonl"

[tools."aqua:cloudnative-pg/cloudnative-pg/kubectl-cnpg"."platforms.linux-x64-musl"]
checksum = "sha256:33784dc3b61edb0ddb1a68db6ef045bd32daace5db2ec1f0a02e0e8185eef7eb"
url = "https://github.com/cloudnative-pg/cloudnative-pg/releases/download/v1.30.0/kubectl-cnpg_1.30.0_linux_x86_64.tar.gz"
url_api = "https://api.github.com/repos/cloudnative-pg/cloudnative-pg/releases/assets/461307823"

[tools."aqua:cloudnative-pg/cloudnative-pg/kubectl-cnpg"."platforms.linux-x64-musl".provenance.slsa]
url = "https://github.com/cloudnative-pg/cloudnative-pg/releases/download/v1.30.0/multiple.intoto.jsonl"

[tools."aqua:cloudnative-pg/cloudnative-pg/kubectl-cnpg"."platforms.macos-arm64"]
checksum = "sha256:88bb6da8ca5b63b5a4e60dae88b320bdcba3a8843536ad86e0fe077765ff2bbc"
url = "https://github.com/cloudnative-pg/cloudnative-pg/releases/download/v1.30.0/kubectl-cnpg_1.30.0_darwin_arm64.tar.gz"
url_api = "https://api.github.com/repos/cloudnative-pg/cloudnative-pg/releases/assets/461307837"

[tools."aqua:cloudnative-pg/cloudnative-pg/kubectl-cnpg"."platforms.macos-arm64".provenance.slsa]
url = "https://github.com/cloudnative-pg/cloudnative-pg/releases/download/v1.30.0/multiple.intoto.jsonl"

[tools."aqua:cloudnative-pg/cloudnative-pg/kubectl-cnpg"."platforms.macos-x64"]
checksum = "sha256:3325ff39ab3ab198753440f330fff2bcd02d72b00804d97e4257933c078942e5"
url = "https://github.com/cloudnative-pg/cloudnative-pg/releases/download/v1.30.0/kubectl-cnpg_1.30.0_darwin_x86_64.tar.gz"
url_api = "https://api.github.com/repos/cloudnative-pg/cloudnative-pg/releases/assets/461307830"

[tools."aqua:cloudnative-pg/cloudnative-pg/kubectl-cnpg"."platforms.macos-x64".provenance.slsa]
url = "https://github.com/cloudnative-pg/cloudnative-pg/releases/download/v1.30.0/multiple.intoto.jsonl"

[tools."aqua:cloudnative-pg/cloudnative-pg/kubectl-cnpg"."platforms.windows-x64"]
checksum = "sha256:bc6817105ef4ea1973a03a4a0e972baff7ad86b4542414960b654cc40ae81377"
url = "https://github.com/cloudnative-pg/cloudnative-pg/releases/download/v1.30.0/kubectl-cnpg_1.30.0_windows_x86_64.tar.gz"
url_api = "https://api.github.com/repos/cloudnative-pg/cloudnative-pg/releases/assets/461307834"

[tools."aqua:cloudnative-pg/cloudnative-pg/kubectl-cnpg"."platforms.windows-x64".provenance.slsa]
url = "https://github.com/cloudnative-pg/cloudnative-pg/releases/download/v1.30.0/multiple.intoto.jsonl"

[[tools."aqua:str4d/age-plugin-yubikey"]]
version = "0.5.0"
backend = "aqua:str4d/age-plugin-yubikey"

[tools."aqua:str4d/age-plugin-yubikey"."platforms.linux-x64"]
url = "https://github.com/str4d/age-plugin-yubikey/releases/download/v0.5.0/age-plugin-yubikey-v0.5.0-x86_64-linux.tar.gz"

[tools."aqua:str4d/age-plugin-yubikey"."platforms.linux-x64-musl"]
url = "https://github.com/str4d/age-plugin-yubikey/releases/download/v0.5.0/age-plugin-yubikey-v0.5.0-x86_64-linux.tar.gz"

[tools."aqua:str4d/age-plugin-yubikey"."platforms.macos-arm64"]
url = "https://github.com/str4d/age-plugin-yubikey/releases/download/v0.5.0/age-plugin-yubikey-v0.5.0-arm64-darwin.tar.gz"

[tools."aqua:str4d/age-plugin-yubikey"."platforms.windows-x64"]
url = "https://github.com/str4d/age-plugin-yubikey/releases/download/v0.5.0/age-plugin-yubikey-v0.5.0-x86_64-windows.zip"

[[tools."aqua:tailscale/tailscale"]]
version = "1.96.4"
backend = "aqua:tailscale/tailscale"

[tools."aqua:tailscale/tailscale"."platforms.linux-arm64"]
url = "https://pkgs.tailscale.com/stable/tailscale_1.96.4_arm64.tgz"

[tools."aqua:tailscale/tailscale"."platforms.linux-arm64-musl"]
url = "https://pkgs.tailscale.com/stable/tailscale_1.96.4_arm64.tgz"

[tools."aqua:tailscale/tailscale"."platforms.linux-x64"]
url = "https://pkgs.tailscale.com/stable/tailscale_1.96.4_amd64.tgz"

[tools."aqua:tailscale/tailscale"."platforms.linux-x64-musl"]
url = "https://pkgs.tailscale.com/stable/tailscale_1.96.4_amd64.tgz"

[tools."aqua:tailscale/tailscale"."platforms.macos-arm64"]
url = "https://pkgs.tailscale.com/stable/Tailscale-1.96.4-macos.pkg"

[tools."aqua:tailscale/tailscale"."platforms.macos-x64"]
url = "https://pkgs.tailscale.com/stable/Tailscale-1.96.4-macos.pkg"

[[tools.bats]]
version = "1.14.0"
backend = "aqua:bats-core/bats-core"

[tools.bats."platforms.linux-arm64"]
url = "https://github.com/bats-core/bats-core/archive/refs/tags/v1.14.0.tar.gz"
url_api = "https://api.github.com/repos/bats-core/bats-core/tarball/v1.14.0"

[tools.bats."platforms.linux-arm64-musl"]
url = "https://github.com/bats-core/bats-core/archive/refs/tags/v1.14.0.tar.gz"
url_api = "https://api.github.com/repos/bats-core/bats-core/tarball/v1.14.0"

[tools.bats."platforms.linux-x64"]
url = "https://github.com/bats-core/bats-core/archive/refs/tags/v1.14.0.tar.gz"
url_api = "https://api.github.com/repos/bats-core/bats-core/tarball/v1.14.0"

[tools.bats."platforms.linux-x64-musl"]
url = "https://github.com/bats-core/bats-core/archive/refs/tags/v1.14.0.tar.gz"
url_api = "https://api.github.com/repos/bats-core/bats-core/tarball/v1.14.0"

[tools.bats."platforms.macos-arm64"]
url = "https://github.com/bats-core/bats-core/archive/refs/tags/v1.14.0.tar.gz"
url_api = "https://api.github.com/repos/bats-core/bats-core/tarball/v1.14.0"

[tools.bats."platforms.macos-x64"]
url = "https://github.com/bats-core/bats-core/archive/refs/tags/v1.14.0.tar.gz"
url_api = "https://api.github.com/repos/bats-core/bats-core/tarball/v1.14.0"

[[tools.flux2]]
version = "2.9.3"
backend = "aqua:fluxcd/flux2"

[tools.flux2."platforms.linux-arm64"]
checksum = "sha256:24ec315313621bf82ea97db8a544725bc4f6de19737681f01f49c651ad3b884e"
url = "https://github.com/fluxcd/flux2/releases/download/v2.9.3/flux_2.9.3_linux_arm64.tar.gz"
url_api = "https://api.github.com/repos/fluxcd/flux2/releases/assets/487338173"

[tools.flux2."platforms.linux-arm64".provenance.slsa]
url = "https://github.com/fluxcd/flux2/releases/download/v2.9.3/provenance.intoto.jsonl"

[tools.flux2."platforms.linux-arm64-musl"]
checksum = "sha256:24ec315313621bf82ea97db8a544725bc4f6de19737681f01f49c651ad3b884e"
url = "https://github.com/fluxcd/flux2/releases/download/v2.9.3/flux_2.9.3_linux_arm64.tar.gz"
url_api = "https://api.github.com/repos/fluxcd/flux2/releases/assets/487338173"

[tools.flux2."platforms.linux-arm64-musl".provenance.slsa]
url = "https://github.com/fluxcd/flux2/releases/download/v2.9.3/provenance.intoto.jsonl"

[tools.flux2."platforms.linux-x64"]
checksum = "sha256:eae4e8608c0ade2bf4e8dec1669dbb6b0c28b5822b252d97feccfb4fb1181fd2"
url = "https://github.com/fluxcd/flux2/releases/download/v2.9.3/flux_2.9.3_linux_amd64.tar.gz"
url_api = "https://api.github.com/repos/fluxcd/flux2/releases/assets/487338171"

[tools.flux2."platforms.linux-x64".provenance.slsa]
url = "https://github.com/fluxcd/flux2/releases/download/v2.9.3/provenance.intoto.jsonl"

[tools.flux2."platforms.linux-x64-musl"]
checksum = "sha256:eae4e8608c0ade2bf4e8dec1669dbb6b0c28b5822b252d97feccfb4fb1181fd2"
url = "https://github.com/fluxcd/flux2/releases/download/v2.9.3/flux_2.9.3_linux_amd64.tar.gz"
url_api = "https://api.github.com/repos/fluxcd/flux2/releases/assets/487338171"

[tools.flux2."platforms.linux-x64-musl".provenance.slsa]
url = "https://github.com/fluxcd/flux2/releases/download/v2.9.3/provenance.intoto.jsonl"

[tools.flux2."platforms.macos-arm64"]
checksum = "sha256:59627ac109a59b2c7e94a9ce0e290a81906d0ea435d53806699385e9d54ec10a"
url = "https://github.com/fluxcd/flux2/releases/download/v2.9.3/flux_2.9.3_darwin_arm64.tar.gz"
url_api = "https://api.github.com/repos/fluxcd/flux2/releases/assets/487338177"

[tools.flux2."platforms.macos-arm64".provenance.slsa]
url = "https://github.com/fluxcd/flux2/releases/download/v2.9.3/provenance.intoto.jsonl"

[tools.flux2."platforms.macos-x64"]
checksum = "sha256:cfe276124801f2057b7960b5ac2fe5dc019cdf245d1e791ed947b9f4e97e06c2"
url = "https://github.com/fluxcd/flux2/releases/download/v2.9.3/flux_2.9.3_darwin_amd64.tar.gz"
url_api = "https://api.github.com/repos/fluxcd/flux2/releases/assets/487338179"

[tools.flux2."platforms.macos-x64".provenance.slsa]
url = "https://github.com/fluxcd/flux2/releases/download/v2.9.3/provenance.intoto.jsonl"

[tools.flux2."platforms.windows-x64"]
checksum = "sha256:3aa07433cdd7d63c8c9df6b9652668443a902a1e2f578c9b44f8354820d01630"
url = "https://github.com/fluxcd/flux2/releases/download/v2.9.3/flux_2.9.3_windows_amd64.zip"
url_api = "https://api.github.com/repos/fluxcd/flux2/releases/assets/487338178"

[tools.flux2."platforms.windows-x64".provenance.slsa]
url = "https://github.com/fluxcd/flux2/releases/download/v2.9.3/provenance.intoto.jsonl"

[[tools.gh]]
version = "2.96.0"
backend = "aqua:cli/cli"

[tools.gh."platforms.linux-arm64"]
checksum = "sha256:06f86ec7103d41993b76cd78072f43595c34aaa56506d971d9860e67140bf909"
url = "https://github.com/cli/cli/releases/download/v2.96.0/gh_2.96.0_linux_arm64.tar.gz"
url_api = "https://api.github.com/repos/cli/cli/releases/assets/464728549"
provenance = "github-attestations"

[tools.gh."platforms.linux-arm64-musl"]
checksum = "sha256:06f86ec7103d41993b76cd78072f43595c34aaa56506d971d9860e67140bf909"
url = "https://github.com/cli/cli/releases/download/v2.96.0/gh_2.96.0_linux_arm64.tar.gz"
url_api = "https://api.github.com/repos/cli/cli/releases/assets/464728549"
provenance = "github-attestations"

[tools.gh."platforms.linux-x64"]
checksum = "sha256:83d5c2ccad5498f58bf6368acb1ab32588cf43ab3a4b1c301bf36328b1c8bd60"
url = "https://github.com/cli/cli/releases/download/v2.96.0/gh_2.96.0_linux_amd64.tar.gz"
url_api = "https://api.github.com/repos/cli/cli/releases/assets/464728543"
provenance = "github-attestations"

[tools.gh."platforms.linux-x64-musl"]
checksum = "sha256:83d5c2ccad5498f58bf6368acb1ab32588cf43ab3a4b1c301bf36328b1c8bd60"
url = "https://github.com/cli/cli/releases/download/v2.96.0/gh_2.96.0_linux_amd64.tar.gz"
url_api = "https://api.github.com/repos/cli/cli/releases/assets/464728543"
provenance = "github-attestations"

[tools.gh."platforms.macos-arm64"]
checksum = "sha256:f23a0c37d963aacc3bed703ccbd59b41c5ca22101fab7f00eb2b7cad23aba463"
url = "https://github.com/cli/cli/releases/download/v2.96.0/gh_2.96.0_macOS_arm64.zip"
url_api = "https://api.github.com/repos/cli/cli/releases/assets/464728562"
provenance = "github-attestations"

[tools.gh."platforms.macos-x64"]
checksum = "sha256:4bd449df9ad639391bc62b8032546f0fe9edcd8526e06682a4f88abd8c5d163c"
url = "https://github.com/cli/cli/releases/download/v2.96.0/gh_2.96.0_macOS_amd64.zip"
url_api = "https://api.github.com/repos/cli/cli/releases/assets/464728560"
provenance = "github-attestations"

[tools.gh."platforms.windows-x64"]
checksum = "sha256:c2d6acc935cd2f00e2144d7e036d5cd82e6b6bd5594e8c75aa75ef2a4ed6aac3"
url = "https://github.com/cli/cli/releases/download/v2.96.0/gh_2.96.0_windows_amd64.zip"
url_api = "https://api.github.com/repos/cli/cli/releases/assets/464728577"
provenance = "github-attestations"

[[tools.gitleaks]]
version = "8.30.1"
backend = "aqua:gitleaks/gitleaks"

[tools.gitleaks."platforms.linux-arm64"]
checksum = "sha256:e4a487ee7ccd7d3a7f7ec08657610aa3606637dab924210b3aee62570fb4b080"
url = "https://github.com/gitleaks/gitleaks/releases/download/v8.30.1/gitleaks_8.30.1_linux_arm64.tar.gz"

[tools.gitleaks."platforms.linux-arm64-musl"]
checksum = "sha256:e4a487ee7ccd7d3a7f7ec08657610aa3606637dab924210b3aee62570fb4b080"
url = "https://github.com/gitleaks/gitleaks/releases/download/v8.30.1/gitleaks_8.30.1_linux_arm64.tar.gz"

[tools.gitleaks."platforms.linux-x64"]
checksum = "sha256:551f6fc83ea457d62a0d98237cbad105af8d557003051f41f3e7ca7b3f2470eb"
url = "https://github.com/gitleaks/gitleaks/releases/download/v8.30.1/gitleaks_8.30.1_linux_x64.tar.gz"

[tools.gitleaks."platforms.linux-x64-musl"]
checksum = "sha256:551f6fc83ea457d62a0d98237cbad105af8d557003051f41f3e7ca7b3f2470eb"
url = "https://github.com/gitleaks/gitleaks/releases/download/v8.30.1/gitleaks_8.30.1_linux_x64.tar.gz"

[tools.gitleaks."platforms.macos-arm64"]
checksum = "sha256:b40ab0ae55c505963e365f271a8d3846efbc170aa17f2607f13df610a9aeb6a5"
url = "https://github.com/gitleaks/gitleaks/releases/download/v8.30.1/gitleaks_8.30.1_darwin_arm64.tar.gz"

[tools.gitleaks."platforms.macos-x64"]
checksum = "sha256:dfe101a4db2255fc85120ac7f3d25e4342c3c20cf749f2c20a18081af1952709"
url = "https://github.com/gitleaks/gitleaks/releases/download/v8.30.1/gitleaks_8.30.1_darwin_x64.tar.gz"

[tools.gitleaks."platforms.windows-x64"]
checksum = "sha256:d29144deff3a68aa93ced33dddf84b7fdc26070add4aa0f4513094c8332afc4e"
url = "https://github.com/gitleaks/gitleaks/releases/download/v8.30.1/gitleaks_8.30.1_windows_x64.zip"

[[tools.hcloud]]
version = "1.66.0"
backend = "aqua:hetznercloud/cli"

[tools.hcloud."platforms.linux-arm64"]
checksum = "sha256:f9d67b4a1e2a7d88e6360b3e9a5efe9ab6c4e1cf6d0fa45d2740adfa8528d55b"
url = "https://github.com/hetznercloud/cli/releases/download/v1.66.0/hcloud-linux-arm64.tar.gz"
url_api = "https://api.github.com/repos/hetznercloud/cli/releases/assets/456815745"

[tools.hcloud."platforms.linux-arm64-musl"]
checksum = "sha256:f9d67b4a1e2a7d88e6360b3e9a5efe9ab6c4e1cf6d0fa45d2740adfa8528d55b"
url = "https://github.com/hetznercloud/cli/releases/download/v1.66.0/hcloud-linux-arm64.tar.gz"
url_api = "https://api.github.com/repos/hetznercloud/cli/releases/assets/456815745"

[tools.hcloud."platforms.linux-x64"]
checksum = "sha256:8b1a8598858232c491f58cbf65ce1bd0ec6f725114bb62ec967a20ab03e29a86"
url = "https://github.com/hetznercloud/cli/releases/download/v1.66.0/hcloud-linux-amd64.tar.gz"
url_api = "https://api.github.com/repos/hetznercloud/cli/releases/assets/456815748"

[tools.hcloud."platforms.linux-x64-musl"]
checksum = "sha256:8b1a8598858232c491f58cbf65ce1bd0ec6f725114bb62ec967a20ab03e29a86"
url = "https://github.com/hetznercloud/cli/releases/download/v1.66.0/hcloud-linux-amd64.tar.gz"
url_api = "https://api.github.com/repos/hetznercloud/cli/releases/assets/456815748"

[tools.hcloud."platforms.macos-arm64"]
checksum = "sha256:b602f1e0d9d0ea6cb721e297688f61adb5508247ff8867c87778a2449fa2fcce"
url = "https://github.com/hetznercloud/cli/releases/download/v1.66.0/hcloud-darwin-arm64.tar.gz"
url_api = "https://api.github.com/repos/hetznercloud/cli/releases/assets/456815747"

[tools.hcloud."platforms.macos-x64"]
checksum = "sha256:3927d536d4c930dcd2a4e0826ec07f5feb341540a08254a7676bc60882bdfec2"
url = "https://github.com/hetznercloud/cli/releases/download/v1.66.0/hcloud-darwin-amd64.tar.gz"
url_api = "https://api.github.com/repos/hetznercloud/cli/releases/assets/456815729"

[tools.hcloud."platforms.windows-x64"]
checksum = "sha256:15b4ecf8d57c993f6987530ad1910f1167edf71f702696710d5420bdf0de7639"
url = "https://github.com/hetznercloud/cli/releases/download/v1.66.0/hcloud-windows-amd64.zip"
url_api = "https://api.github.com/repos/hetznercloud/cli/releases/assets/456815732"

[[tools.helm]]
version = "4.2.3"
backend = "aqua:helm/helm"

[tools.helm."platforms.linux-arm64"]
checksum = "sha256:21abd9354d39b2cd79a8d76be6912cd137a983cbf997193503fb8a6a6e2f2785"
url = "https://get.helm.sh/helm-v4.2.3-linux-arm64.tar.gz"

[tools.helm."platforms.linux-arm64-musl"]
checksum = "sha256:21abd9354d39b2cd79a8d76be6912cd137a983cbf997193503fb8a6a6e2f2785"
url = "https://get.helm.sh/helm-v4.2.3-linux-arm64.tar.gz"

[tools.helm."platforms.linux-x64"]
checksum = "sha256:e9b88b4ee95b18c706839c28d3a0220e5bc470e9cd9262410c90793c45ff8b7c"
url = "https://get.helm.sh/helm-v4.2.3-linux-amd64.tar.gz"

[tools.helm."platforms.linux-x64-musl"]
checksum = "sha256:e9b88b4ee95b18c706839c28d3a0220e5bc470e9cd9262410c90793c45ff8b7c"
url = "https://get.helm.sh/helm-v4.2.3-linux-amd64.tar.gz"

[tools.helm."platforms.macos-arm64"]
checksum = "sha256:048ecf5ad3160f83d918f9fe945238d2132b079640f7b106175331c25f242c64"
url = "https://get.helm.sh/helm-v4.2.3-darwin-arm64.tar.gz"

[tools.helm."platforms.macos-x64"]
checksum = "sha256:ff3ac86755a45f3422473bc1200776aac0fe04c5766abe6ca66699f7b564b23b"
url = "https://get.helm.sh/helm-v4.2.3-darwin-amd64.tar.gz"

[tools.helm."platforms.windows-x64"]
checksum = "sha256:02c6137bb5f050479193afad5a28804e9edc3beeab7e7b53a6e1499c9ba387ef"
url = "https://get.helm.sh/helm-v4.2.3-windows-amd64.tar.gz"

[[tools.jq]]
version = "1.8.2"
backend = "aqua:jqlang/jq"

[tools.jq."platforms.linux-arm64"]
checksum = "sha256:8b85c817833814ddca00a144c33705546355afccf0cf39b188f3cdb48b852309"
url = "https://github.com/jqlang/jq/releases/download/jq-1.8.2/jq-linux-arm64"
url_api = "https://api.github.com/repos/jqlang/jq/releases/assets/453012756"
provenance = "github-attestations"

[tools.jq."platforms.linux-arm64-musl"]
checksum = "sha256:8b85c817833814ddca00a144c33705546355afccf0cf39b188f3cdb48b852309"
url = "https://github.com/jqlang/jq/releases/download/jq-1.8.2/jq-linux-arm64"
url_api = "https://api.github.com/repos/jqlang/jq/releases/assets/453012756"
provenance = "github-attestations"

[tools.jq."platforms.linux-x64"]
checksum = "sha256:b1c22172dd303f3be49e935aa56aa48a8b7a46e0bc838b4997d3bb451495870f"
url = "https://github.com/jqlang/jq/releases/download/jq-1.8.2/jq-linux-amd64"
url_api = "https://api.github.com/repos/jqlang/jq/releases/assets/453012752"
provenance = "github-attestations"

[tools.jq."platforms.linux-x64-musl"]
checksum = "sha256:b1c22172dd303f3be49e935aa56aa48a8b7a46e0bc838b4997d3bb451495870f"
url = "https://github.com/jqlang/jq/releases/download/jq-1.8.2/jq-linux-amd64"
url_api = "https://api.github.com/repos/jqlang/jq/releases/assets/453012752"
provenance = "github-attestations"

[tools.jq."platforms.macos-arm64"]
checksum = "sha256:2d75340ba57a4b4b4c8708a21c2dc8e958a48aaa8bba13b27f77f6e4c0eca07e"
url = "https://github.com/jqlang/jq/releases/download/jq-1.8.2/jq-macos-arm64"
url_api = "https://api.github.com/repos/jqlang/jq/releases/assets/453012783"
provenance = "github-attestations"

[tools.jq."platforms.macos-x64"]
checksum = "sha256:e94b266e3c26690550006abe63152b782280f4e14374accdf04cbde844f00bc0"
url = "https://github.com/jqlang/jq/releases/download/jq-1.8.2/jq-macos-amd64"
url_api = "https://api.github.com/repos/jqlang/jq/releases/assets/453012782"
provenance = "github-attestations"

[tools.jq."platforms.windows-x64"]
checksum = "sha256:a6fc67fedaf9128a3309a1e2ebb8b986aeccf70122ee46d2cb4849e423f0c627"
url = "https://github.com/jqlang/jq/releases/download/jq-1.8.2/jq-windows-amd64.exe"
url_api = "https://api.github.com/repos/jqlang/jq/releases/assets/453012788"
provenance = "github-attestations"

[[tools.k9s]]
version = "0.51.0"
backend = "aqua:derailed/k9s"

[tools.k9s."platforms.linux-arm64"]
checksum = "sha256:3ee05c82e5f9198928a4e86133608ba6a2c10a2244d6a7789e820f78319d640c"
url = "https://github.com/derailed/k9s/releases/download/v0.51.0/k9s_Linux_arm64.tar.gz"
url_api = "https://api.github.com/repos/derailed/k9s/releases/assets/440226045"

[tools.k9s."platforms.linux-arm64-musl"]
checksum = "sha256:3ee05c82e5f9198928a4e86133608ba6a2c10a2244d6a7789e820f78319d640c"
url = "https://github.com/derailed/k9s/releases/download/v0.51.0/k9s_Linux_arm64.tar.gz"
url_api = "https://api.github.com/repos/derailed/k9s/releases/assets/440226045"

[tools.k9s."platforms.linux-x64"]
checksum = "sha256:c3752ad51a5a4015a113819c4eeb6e55a4d0e4b8e652494797532f6fc8161dd7"
url = "https://github.com/derailed/k9s/releases/download/v0.51.0/k9s_Linux_amd64.tar.gz"
url_api = "https://api.github.com/repos/derailed/k9s/releases/assets/440224321"

[tools.k9s."platforms.linux-x64-musl"]
checksum = "sha256:c3752ad51a5a4015a113819c4eeb6e55a4d0e4b8e652494797532f6fc8161dd7"
url = "https://github.com/derailed/k9s/releases/download/v0.51.0/k9s_Linux_amd64.tar.gz"
url_api = "https://api.github.com/repos/derailed/k9s/releases/assets/440224321"

[tools.k9s."platforms.macos-arm64"]
checksum = "sha256:9b8c0e8f461e5d33aeee43a67f5ef4aff646a008a786887b8266cbb153c610cc"
url = "https://github.com/derailed/k9s/releases/download/v0.51.0/k9s_Darwin_arm64.tar.gz"
url_api = "https://api.github.com/repos/derailed/k9s/releases/assets/440224326"

[tools.k9s."platforms.macos-x64"]
checksum = "sha256:7e8802c57c45a0cd389e8fc38472243fe4cf48d8ad5957e189ce370e19e5eda0"
url = "https://github.com/derailed/k9s/releases/download/v0.51.0/k9s_Darwin_amd64.tar.gz"
url_api = "https://api.github.com/repos/derailed/k9s/releases/assets/440224322"

[tools.k9s."platforms.windows-x64"]
checksum = "sha256:bba299f1877913979831543a008f2e104995d2ea4ac8f23d7f49c0444857d973"
url = "https://github.com/derailed/k9s/releases/download/v0.51.0/k9s_Windows_amd64.zip"
url_api = "https://api.github.com/repos/derailed/k9s/releases/assets/440224317"

[[tools.kubectl]]
version = "1.36.3"
backend = "aqua:kubernetes/kubernetes/kubectl"

[tools.kubectl."platforms.linux-arm64"]
checksum = "sha256:3d86f24401c41ae5a46ac50eef8865fe891d3647d324a0836f6c63757a126e62"
url = "https://dl.k8s.io/v1.36.3/bin/linux/arm64/kubectl"

[tools.kubectl."platforms.linux-arm64-musl"]
checksum = "sha256:3d86f24401c41ae5a46ac50eef8865fe891d3647d324a0836f6c63757a126e62"
url = "https://dl.k8s.io/v1.36.3/bin/linux/arm64/kubectl"

[tools.kubectl."platforms.linux-x64"]
checksum = "sha256:ebbd080e7c2e275093b55915722043257eb24004363e20acb3c4d71919f88336"
url = "https://dl.k8s.io/v1.36.3/bin/linux/amd64/kubectl"

[tools.kubectl."platforms.linux-x64-musl"]
checksum = "sha256:ebbd080e7c2e275093b55915722043257eb24004363e20acb3c4d71919f88336"
url = "https://dl.k8s.io/v1.36.3/bin/linux/amd64/kubectl"

[tools.kubectl."platforms.macos-arm64"]
checksum = "sha256:fc8582acde13869a606730a79379d6515f30c68afcced0b5ac8789d5d002b7d6"
url = "https://dl.k8s.io/v1.36.3/bin/darwin/arm64/kubectl"

[tools.kubectl."platforms.macos-x64"]
checksum = "sha256:158b3b46cf74e8b6bd9b1d7cd30f665e3efb2bc1ec3c843ec925bcfdd2930de0"
url = "https://dl.k8s.io/v1.36.3/bin/darwin/amd64/kubectl"

[tools.kubectl."platforms.windows-x64"]
checksum = "sha256:ba76657b79d0ebcc3c029c171fc83c96351ba5ce0e71d185f1e5b8b873360a5f"
url = "https://dl.k8s.io/v1.36.3/bin/windows/amd64/kubectl.exe"

[[tools.mc]]
version = "RELEASE.2025-08-13T08-35-41Z"
backend = "aqua:minio/mc"

[tools.mc."platforms.linux-arm64"]
checksum = "sha256:14c8c9616cfce4636add161304353244e8de383b2e2752c0e9dad01d4c27c12c"
url = "https://dl.min.io/client/mc/release/linux-arm64/archive/mc.RELEASE.2025-08-13T08-35-41Z"

[tools.mc."platforms.linux-arm64-musl"]
checksum = "sha256:14c8c9616cfce4636add161304353244e8de383b2e2752c0e9dad01d4c27c12c"
url = "https://dl.min.io/client/mc/release/linux-arm64/archive/mc.RELEASE.2025-08-13T08-35-41Z"

[tools.mc."platforms.linux-x64"]
checksum = "sha256:01f866e9c5f9b87c2b09116fa5d7c06695b106242d829a8bb32990c00312e891"
url = "https://dl.min.io/client/mc/release/linux-amd64/archive/mc.RELEASE.2025-08-13T08-35-41Z"

[tools.mc."platforms.linux-x64-musl"]
checksum = "sha256:01f866e9c5f9b87c2b09116fa5d7c06695b106242d829a8bb32990c00312e891"
url = "https://dl.min.io/client/mc/release/linux-amd64/archive/mc.RELEASE.2025-08-13T08-35-41Z"

[tools.mc."platforms.macos-arm64"]
checksum = "sha256:a877fd0c183409da9f20f9d6e1811987298bbbca1aa03428eebdffba79fb9445"
url = "https://dl.min.io/client/mc/release/darwin-arm64/archive/mc.RELEASE.2025-08-13T08-35-41Z"

[tools.mc."platforms.macos-x64"]
checksum = "sha256:2862c79cce11b09be9a8911a279b2e9465bebf74b9f01abca9c348a0d795f0cb"
url = "https://dl.min.io/client/mc/release/darwin-amd64/archive/mc.RELEASE.2025-08-13T08-35-41Z"

[tools.mc."platforms.windows-x64"]
checksum = "sha256:c8db13ebeda31497f354c0e950809db0ae9b2a2a69b8afee68c128c37300c157"
url = "https://dl.min.io/client/mc/release/windows-amd64/archive/mc.RELEASE.2025-08-13T08-35-41Z"

[[tools.opentofu]]
version = "1.12.5"
backend = "aqua:opentofu/opentofu"

[tools.opentofu."platforms.linux-arm64"]
checksum = "sha256:e67e9da2b1ddf5050ebee62a584cb826eafe1dfd3827d7ec20899ac62791ed1a"
url = "https://github.com/opentofu/opentofu/releases/download/v1.12.5/tofu_1.12.5_linux_arm64.tar.gz"
url_api = "https://api.github.com/repos/opentofu/opentofu/releases/assets/484602545"

[tools.opentofu."platforms.linux-arm64-musl"]
checksum = "sha256:e67e9da2b1ddf5050ebee62a584cb826eafe1dfd3827d7ec20899ac62791ed1a"
url = "https://github.com/opentofu/opentofu/releases/download/v1.12.5/tofu_1.12.5_linux_arm64.tar.gz"
url_api = "https://api.github.com/repos/opentofu/opentofu/releases/assets/484602545"

[tools.opentofu."platforms.linux-x64"]
checksum = "sha256:a6894d45ae7a17ce83189cce8fe04b5a65f68cefceb62455b5a6a89fa53ab38f"
url = "https://github.com/opentofu/opentofu/releases/download/v1.12.5/tofu_1.12.5_linux_amd64.tar.gz"
url_api = "https://api.github.com/repos/opentofu/opentofu/releases/assets/484602624"

[tools.opentofu."platforms.linux-x64-musl"]
checksum = "sha256:a6894d45ae7a17ce83189cce8fe04b5a65f68cefceb62455b5a6a89fa53ab38f"
url = "https://github.com/opentofu/opentofu/releases/download/v1.12.5/tofu_1.12.5_linux_amd64.tar.gz"
url_api = "https://api.github.com/repos/opentofu/opentofu/releases/assets/484602624"

[tools.opentofu."platforms.macos-arm64"]
checksum = "sha256:2ae38150a667f5c0bd57b318d18ad8091d08f93fcca40345f3d88998661de5a9"
url = "https://github.com/opentofu/opentofu/releases/download/v1.12.5/tofu_1.12.5_darwin_arm64.tar.gz"
url_api = "https://api.github.com/repos/opentofu/opentofu/releases/assets/484602544"

[tools.opentofu."platforms.macos-x64"]
checksum = "sha256:1012d8f3d4567bcbcd1f2c7d766feca39a30bced32fb8be47e1887fbbee2456d"
url = "https://github.com/opentofu/opentofu/releases/download/v1.12.5/tofu_1.12.5_darwin_amd64.tar.gz"
url_api = "https://api.github.com/repos/opentofu/opentofu/releases/assets/484602621"

[tools.opentofu."platforms.windows-x64"]
checksum = "sha256:af11850b496f3720e0184084c56d8b43aa74ea92d2338978bf368d70c96473f1"
url = "https://github.com/opentofu/opentofu/releases/download/v1.12.5/tofu_1.12.5_windows_amd64.tar.gz"
url_api = "https://api.github.com/repos/opentofu/opentofu/releases/assets/484602547"

[[tools."pipx:yamllint"]]
version = "1.38.0"
backend = "pipx:yamllint"

[[tools."pipx:yubikey-manager"]]
version = "5.9.2"
backend = "pipx:yubikey-manager"

[[tools.prek]]
version = "0.4.11"
backend = "aqua:j178/prek"

[tools.prek."platforms.linux-arm64"]
checksum = "sha256:ee5a28295d501486ffc6ea369bcf4e702ae2394c376fea2fbc78916031636384"
url = "https://github.com/j178/prek/releases/download/v0.4.11/prek-aarch64-unknown-linux-musl.tar.gz"
url_api = "https://api.github.com/repos/j178/prek/releases/assets/488626443"
provenance = "github-attestations"

[tools.prek."platforms.linux-arm64-musl"]
checksum = "sha256:ee5a28295d501486ffc6ea369bcf4e702ae2394c376fea2fbc78916031636384"
url = "https://github.com/j178/prek/releases/download/v0.4.11/prek-aarch64-unknown-linux-musl.tar.gz"
url_api = "https://api.github.com/repos/j178/prek/releases/assets/488626443"
provenance = "github-attestations"

[tools.prek."platforms.linux-x64"]
checksum = "sha256:fadf7f14fb570cb38051e8651cfe3b3b11ea499207a245c2aff09585cccb776a"
url = "https://github.com/j178/prek/releases/download/v0.4.11/prek-x86_64-unknown-linux-musl.tar.gz"
url_api = "https://api.github.com/repos/j178/prek/releases/assets/488626498"
provenance = "github-attestations"

[tools.prek."platforms.linux-x64-musl"]
checksum = "sha256:fadf7f14fb570cb38051e8651cfe3b3b11ea499207a245c2aff09585cccb776a"
url = "https://github.com/j178/prek/releases/download/v0.4.11/prek-x86_64-unknown-linux-musl.tar.gz"
url_api = "https://api.github.com/repos/j178/prek/releases/assets/488626498"
provenance = "github-attestations"

[tools.prek."platforms.macos-arm64"]
checksum = "sha256:92f8133ba6ff1c16066d9af521f7a72db6235becc845021363238fa8539c1132"
url = "https://github.com/j178/prek/releases/download/v0.4.11/prek-aarch64-apple-darwin.tar.gz"
url_api = "https://api.github.com/repos/j178/prek/releases/assets/488626436"
provenance = "github-attestations"

[tools.prek."platforms.macos-x64"]
checksum = "sha256:a4ecb066388245d9a30005d50ad2b00476e082c471368f583ab5847b791f36dd"
url = "https://github.com/j178/prek/releases/download/v0.4.11/prek-x86_64-apple-darwin.tar.gz"
url_api = "https://api.github.com/repos/j178/prek/releases/assets/488626482"
provenance = "github-attestations"

[tools.prek."platforms.windows-x64"]
checksum = "sha256:64eae0b1bafd6798cd0d0d634b2f5c2f7131944e8ca1d25b670b3f87bec563ff"
url = "https://github.com/j178/prek/releases/download/v0.4.11/prek-x86_64-pc-windows-msvc.zip"
url_api = "https://api.github.com/repos/j178/prek/releases/assets/488626488"
provenance = "github-attestations"

[[tools.shellcheck]]
version = "0.11.0"
backend = "aqua:koalaman/shellcheck"

[tools.shellcheck."platforms.linux-arm64"]
checksum = "sha256:12b331c1d2db6b9eb13cfca64306b1b157a86eb69db83023e261eaa7e7c14588"
url = "https://github.com/koalaman/shellcheck/releases/download/v0.11.0/shellcheck-v0.11.0.linux.aarch64.tar.xz"

[tools.shellcheck."platforms.linux-arm64-musl"]
checksum = "sha256:12b331c1d2db6b9eb13cfca64306b1b157a86eb69db83023e261eaa7e7c14588"
url = "https://github.com/koalaman/shellcheck/releases/download/v0.11.0/shellcheck-v0.11.0.linux.aarch64.tar.xz"

[tools.shellcheck."platforms.linux-x64"]
checksum = "sha256:8c3be12b05d5c177a04c29e3c78ce89ac86f1595681cab149b65b97c4e227198"
url = "https://github.com/koalaman/shellcheck/releases/download/v0.11.0/shellcheck-v0.11.0.linux.x86_64.tar.xz"

[tools.shellcheck."platforms.linux-x64-musl"]
checksum = "sha256:8c3be12b05d5c177a04c29e3c78ce89ac86f1595681cab149b65b97c4e227198"
url = "https://github.com/koalaman/shellcheck/releases/download/v0.11.0/shellcheck-v0.11.0.linux.x86_64.tar.xz"

[tools.shellcheck."platforms.macos-arm64"]
checksum = "sha256:56affdd8de5527894dca6dc3d7e0a99a873b0f004d7aabc30ae407d3f48b0a79"
url = "https://github.com/koalaman/shellcheck/releases/download/v0.11.0/shellcheck-v0.11.0.darwin.aarch64.tar.xz"

[tools.shellcheck."platforms.macos-x64"]
checksum = "sha256:3c89db4edcab7cf1c27bff178882e0f6f27f7afdf54e859fa041fca10febe4c6"
url = "https://github.com/koalaman/shellcheck/releases/download/v0.11.0/shellcheck-v0.11.0.darwin.x86_64.tar.xz"

[tools.shellcheck."platforms.windows-x64"]
checksum = "sha256:8a4e35ab0b331c85d73567b12f2a444df187f483e5079ceffa6bda1faa2e740e"
url = "https://github.com/koalaman/shellcheck/releases/download/v0.11.0/shellcheck-v0.11.0.zip"

[[tools.sops]]
version = "3.13.2"
backend = "aqua:getsops/sops"

[tools.sops."platforms.linux-arm64"]
checksum = "sha256:78abf2e15c86250a1553ae6f53aba96be6b2a8126f160b1534959add3467ad76"
url = "https://github.com/getsops/sops/releases/download/v3.13.2/sops-v3.13.2.linux.arm64"
url_api = "https://api.github.com/repos/getsops/sops/releases/assets/461838764"

[tools.sops."platforms.linux-arm64".provenance.slsa]
url = "https://github.com/getsops/sops/releases/download/v3.13.2/sops-v3.13.2.intoto.jsonl"

[tools.sops."platforms.linux-arm64-musl"]
checksum = "sha256:78abf2e15c86250a1553ae6f53aba96be6b2a8126f160b1534959add3467ad76"
url = "https://github.com/getsops/sops/releases/download/v3.13.2/sops-v3.13.2.linux.arm64"
url_api = "https://api.github.com/repos/getsops/sops/releases/assets/461838764"

[tools.sops."platforms.linux-arm64-musl".provenance.slsa]
url = "https://github.com/getsops/sops/releases/download/v3.13.2/sops-v3.13.2.intoto.jsonl"

[tools.sops."platforms.linux-x64"]
checksum = "sha256:154dfe4cd70554bdd82b98e4cd4acf191d43d01ead6f00a73477aa44c4ac42ef"
url = "https://github.com/getsops/sops/releases/download/v3.13.2/sops-v3.13.2.linux.amd64"
url_api = "https://api.github.com/repos/getsops/sops/releases/assets/461838689"

[tools.sops."platforms.linux-x64".provenance.slsa]
url = "https://github.com/getsops/sops/releases/download/v3.13.2/sops-v3.13.2.intoto.jsonl"

[tools.sops."platforms.linux-x64-musl"]
checksum = "sha256:154dfe4cd70554bdd82b98e4cd4acf191d43d01ead6f00a73477aa44c4ac42ef"
url = "https://github.com/getsops/sops/releases/download/v3.13.2/sops-v3.13.2.linux.amd64"
url_api = "https://api.github.com/repos/getsops/sops/releases/assets/461838689"

[tools.sops."platforms.linux-x64-musl".provenance.slsa]
url = "https://github.com/getsops/sops/releases/download/v3.13.2/sops-v3.13.2.intoto.jsonl"

[tools.sops."platforms.macos-arm64"]
checksum = "sha256:412c475b52f167f1facd75d564422ffd1fa5302aaa7a404bdf4e30087e04b5a8"
url = "https://github.com/getsops/sops/releases/download/v3.13.2/sops-v3.13.2.darwin.arm64"
url_api = "https://api.github.com/repos/getsops/sops/releases/assets/461838691"

[tools.sops."platforms.macos-arm64".provenance.slsa]
url = "https://github.com/getsops/sops/releases/download/v3.13.2/sops-v3.13.2.intoto.jsonl"

[tools.sops."platforms.macos-x64"]
checksum = "sha256:5a66836229ff4a73779b19644b6db28fd574a6b995c15fc333469b2f93ee2acd"
url = "https://github.com/getsops/sops/releases/download/v3.13.2/sops-v3.13.2.darwin.amd64"
url_api = "https://api.github.com/repos/getsops/sops/releases/assets/461838762"

[tools.sops."platforms.macos-x64".provenance.slsa]
url = "https://github.com/getsops/sops/releases/download/v3.13.2/sops-v3.13.2.intoto.jsonl"

[tools.sops."platforms.windows-x64"]
checksum = "sha256:cb6fec76e23cb4ac56771ac38472b0fe1ba79a849bf2200aeda7c9467a045b7b"
url = "https://github.com/getsops/sops/releases/download/v3.13.2/sops-v3.13.2.amd64.exe"
url_api = "https://api.github.com/repos/getsops/sops/releases/assets/461838690"

[tools.sops."platforms.windows-x64".provenance.slsa]
url = "https://github.com/getsops/sops/releases/download/v3.13.2/sops-v3.13.2.intoto.jsonl"

[[tools.talosctl]]
version = "1.13.7"
backend = "aqua:siderolabs/talos"

[tools.talosctl."platforms.linux-arm64"]
checksum = "sha256:756ef525dbff50bcaa67750fce70efbef2899ec87c87468914a8390ce292b1d4"
url = "https://github.com/siderolabs/talos/releases/download/v1.13.7/talosctl-linux-arm64"
url_api = "https://api.github.com/repos/siderolabs/talos/releases/assets/484644288"
provenance = "cosign"

[tools.talosctl."platforms.linux-arm64-musl"]
checksum = "sha256:756ef525dbff50bcaa67750fce70efbef2899ec87c87468914a8390ce292b1d4"
url = "https://github.com/siderolabs/talos/releases/download/v1.13.7/talosctl-linux-arm64"
url_api = "https://api.github.com/repos/siderolabs/talos/releases/assets/484644288"
provenance = "cosign"

[tools.talosctl."platforms.linux-x64"]
checksum = "sha256:97d08e5584e56114659f131e95e227910d1f3b427d26360dca2af3ed821b71f8"
url = "https://github.com/siderolabs/talos/releases/download/v1.13.7/talosctl-linux-amd64"
url_api = "https://api.github.com/repos/siderolabs/talos/releases/assets/484644296"
provenance = "cosign"

[tools.talosctl."platforms.linux-x64-musl"]
checksum = "sha256:97d08e5584e56114659f131e95e227910d1f3b427d26360dca2af3ed821b71f8"
url = "https://github.com/siderolabs/talos/releases/download/v1.13.7/talosctl-linux-amd64"
url_api = "https://api.github.com/repos/siderolabs/talos/releases/assets/484644296"
provenance = "cosign"

[tools.talosctl."platforms.macos-arm64"]
checksum = "sha256:8965b026f416a25147b99530721c25fc2616c4fa655480673bcb63eb7f0de331"
url = "https://github.com/siderolabs/talos/releases/download/v1.13.7/talosctl-darwin-arm64"
url_api = "https://api.github.com/repos/siderolabs/talos/releases/assets/484644319"
provenance = "cosign"

[tools.talosctl."platforms.macos-x64"]
checksum = "sha256:0e4b75ee78da180103aceda6da9c906bd2cba48cd7c7c2e9049776445beab688"
url = "https://github.com/siderolabs/talos/releases/download/v1.13.7/talosctl-darwin-amd64"
url_api = "https://api.github.com/repos/siderolabs/talos/releases/assets/484644291"
provenance = "cosign"

[tools.talosctl."platforms.windows-x64"]
checksum = "sha256:a42fb71c4f8d5b6148ac996b109bce708986e44354910c3a533942342536e958"
url = "https://github.com/siderolabs/talos/releases/download/v1.13.7/talosctl-windows-amd64.exe"
url_api = "https://api.github.com/repos/siderolabs/talos/releases/assets/484644290"
provenance = "cosign"

[[tools.yq]]
version = "4.53.3"
backend = "aqua:mikefarah/yq"

[tools.yq."platforms.linux-arm64"]
checksum = "sha256:578648e463a11c1b6db6010cbf41eafed6bee79466fcffa1bb446672cf7945ea"
url = "https://github.com/mikefarah/yq/releases/download/v4.53.3/yq_linux_arm64"
url_api = "https://api.github.com/repos/mikefarah/yq/releases/assets/440146727"
provenance = "cosign"

[tools.yq."platforms.linux-arm64-musl"]
checksum = "sha256:578648e463a11c1b6db6010cbf41eafed6bee79466fcffa1bb446672cf7945ea"
url = "https://github.com/mikefarah/yq/releases/download/v4.53.3/yq_linux_arm64"
url_api = "https://api.github.com/repos/mikefarah/yq/releases/assets/440146727"
provenance = "cosign"

[tools.yq."platforms.linux-x64"]
checksum = "sha256:fa52a4e758c63d38299163fbdd1edfb4c4963247918bf9c1c5d31d84789eded4"
url = "https://github.com/mikefarah/yq/releases/download/v4.53.3/yq_linux_amd64"
url_api = "https://api.github.com/repos/mikefarah/yq/releases/assets/440146735"
provenance = "cosign"

[tools.yq."platforms.linux-x64-musl"]
checksum = "sha256:fa52a4e758c63d38299163fbdd1edfb4c4963247918bf9c1c5d31d84789eded4"
url = "https://github.com/mikefarah/yq/releases/download/v4.53.3/yq_linux_amd64"
url_api = "https://api.github.com/repos/mikefarah/yq/releases/assets/440146735"
provenance = "cosign"

[tools.yq."platforms.macos-arm64"]
checksum = "sha256:b4ba1ecce3c47f00803f4f964de38394326c7a32eb6540616e04fb2935a0f08d"
url = "https://github.com/mikefarah/yq/releases/download/v4.53.3/yq_darwin_amd64"
url_api = "https://api.github.com/repos/mikefarah/yq/releases/assets/440146744"
provenance = "cosign"

[tools.yq."platforms.macos-x64"]
checksum = "sha256:b4ba1ecce3c47f00803f4f964de38394326c7a32eb6540616e04fb2935a0f08d"
url = "https://github.com/mikefarah/yq/releases/download/v4.53.3/yq_darwin_amd64"
url_api = "https://api.github.com/repos/mikefarah/yq/releases/assets/440146744"
provenance = "cosign"

[tools.yq."platforms.windows-x64"]
checksum = "sha256:e279bc506a452eeafcdf364f91a025455e402a8001169083caf01f4b64a544e2"
url = "https://github.com/mikefarah/yq/releases/download/v4.53.3/yq_windows_amd64.exe"
url_api = "https://api.github.com/repos/mikefarah/yq/releases/assets/440146721"
provenance = "cosign"
