# @generated - this file is auto-generated by `mise lock` https://mise.jdx.dev/dev-tools/mise-lock.html

[[tools.age]]
version = "1.3.1"
backend = "aqua:FiloSottile/age"

[tools.age."platforms.linux-arm64"]
checksum = "sha256:c6878a324421b69e3e20b00ba17c04bc5c6dab0030cfe55bf8f68fa8d9e9093a"
url = "https://github.com/FiloSottile/age/releases/download/v1.3.1/age-v1.3.1-linux-arm64.tar.gz"
provenance = "github-attestations"

[tools.age."platforms.linux-arm64-musl"]
checksum = "sha256:c6878a324421b69e3e20b00ba17c04bc5c6dab0030cfe55bf8f68fa8d9e9093a"
url = "https://github.com/FiloSottile/age/releases/download/v1.3.1/age-v1.3.1-linux-arm64.tar.gz"
provenance = "github-attestations"

[tools.age."platforms.linux-x64"]
checksum = "sha256:bdc69c09cbdd6cf8b1f333d372a1f58247b3a33146406333e30c0f26e8f51377"
url = "https://github.com/FiloSottile/age/releases/download/v1.3.1/age-v1.3.1-linux-amd64.tar.gz"
provenance = "github-attestations"

[tools.age."platforms.linux-x64-musl"]
checksum = "sha256:bdc69c09cbdd6cf8b1f333d372a1f58247b3a33146406333e30c0f26e8f51377"
url = "https://github.com/FiloSottile/age/releases/download/v1.3.1/age-v1.3.1-linux-amd64.tar.gz"
provenance = "github-attestations"

[tools.age."platforms.macos-arm64"]
checksum = "sha256:01120ea2cbf0463d4c6bd767f99f3271bbed1cdc8a9aa718a76ba1fe4f01998b"
url = "https://github.com/FiloSottile/age/releases/download/v1.3.1/age-v1.3.1-darwin-arm64.tar.gz"
provenance = "github-attestations"

[tools.age."platforms.windows-x64"]
checksum = "sha256:c56e8ce22f7e80cb85ad946cc82d198767b056366201d3e1a2b93d865be38154"
url = "https://github.com/FiloSottile/age/releases/download/v1.3.1/age-v1.3.1-windows-amd64.zip"
provenance = "github-attestations"

[[tools."aqua:str4d/age-plugin-yubikey"]]
version = "0.5.0"
backend = "aqua:str4d/age-plugin-yubikey"

[tools."aqua:str4d/age-plugin-yubikey"."platforms.linux-x64"]
url = "https://github.com/str4d/age-plugin-yubikey/releases/download/v0.5.0/age-plugin-yubikey-v0.5.0-x86_64-linux.tar.gz"

[tools."aqua:str4d/age-plugin-yubikey"."platforms.linux-x64-musl"]
url = "https://github.com/str4d/age-plugin-yubikey/releases/download/v0.5.0/age-plugin-yubikey-v0.5.0-x86_64-linux.tar.gz"

[tools."aqua:str4d/age-plugin-yubikey"."platforms.macos-arm64"]
url = "https://github.com/str4d/age-plugin-yubikey/releases/download/v0.5.0/age-plugin-yubikey-v0.5.0-arm64-darwin.tar.gz"

[tools."aqua:str4d/age-plugin-yubikey"."platforms.windows-x64"]
url = "https://github.com/str4d/age-plugin-yubikey/releases/download/v0.5.0/age-plugin-yubikey-v0.5.0-x86_64-windows.zip"

[[tools."aqua:tailscale/tailscale"]]
version = "1.96.4"
backend = "aqua:tailscale/tailscale"

[tools."aqua:tailscale/tailscale"."platforms.linux-arm64"]
url = "https://pkgs.tailscale.com/stable/tailscale_1.96.4_arm64.tgz"

[tools."aqua:tailscale/tailscale"."platforms.linux-arm64-musl"]
url = "https://pkgs.tailscale.com/stable/tailscale_1.96.4_arm64.tgz"

[tools."aqua:tailscale/tailscale"."platforms.linux-x64"]
url = "https://pkgs.tailscale.com/stable/tailscale_1.96.4_amd64.tgz"

[tools."aqua:tailscale/tailscale"."platforms.linux-x64-musl"]
url = "https://pkgs.tailscale.com/stable/tailscale_1.96.4_amd64.tgz"

[tools."aqua:tailscale/tailscale"."platforms.macos-arm64"]
url = "https://pkgs.tailscale.com/stable/Tailscale-1.96.4-macos.pkg"

[tools."aqua:tailscale/tailscale"."platforms.macos-x64"]
url = "https://pkgs.tailscale.com/stable/Tailscale-1.96.4-macos.pkg"

[[tools.flux2]]
version = "2.8.5"
backend = "aqua:fluxcd/flux2"

[tools.flux2."platforms.linux-arm64"]
checksum = "sha256:24fd29c68294f09eebf0c673f898f5e4798030ccda17f46821ff161a11c8aa5a"
url = "https://github.com/fluxcd/flux2/releases/download/v2.8.5/flux_2.8.5_linux_arm64.tar.gz"

[tools.flux2."platforms.linux-arm64".provenance.slsa]
url = "https://github.com/fluxcd/flux2/releases/download/v2.8.5/provenance.intoto.jsonl"

[tools.flux2."platforms.linux-arm64-musl"]
checksum = "sha256:24fd29c68294f09eebf0c673f898f5e4798030ccda17f46821ff161a11c8aa5a"
url = "https://github.com/fluxcd/flux2/releases/download/v2.8.5/flux_2.8.5_linux_arm64.tar.gz"

[tools.flux2."platforms.linux-arm64-musl".provenance.slsa]
url = "https://github.com/fluxcd/flux2/releases/download/v2.8.5/provenance.intoto.jsonl"

[tools.flux2."platforms.linux-x64"]
checksum = "sha256:63c178ba938a5443265b2ce02691c005acf4ef6188d4dbb9b9d87333558948c4"
url = "https://github.com/fluxcd/flux2/releases/download/v2.8.5/flux_2.8.5_linux_amd64.tar.gz"

[tools.flux2."platforms.linux-x64".provenance.slsa]
url = "https://github.com/fluxcd/flux2/releases/download/v2.8.5/provenance.intoto.jsonl"

[tools.flux2."platforms.linux-x64-musl"]
checksum = "sha256:63c178ba938a5443265b2ce02691c005acf4ef6188d4dbb9b9d87333558948c4"
url = "https://github.com/fluxcd/flux2/releases/download/v2.8.5/flux_2.8.5_linux_amd64.tar.gz"

[tools.flux2."platforms.linux-x64-musl".provenance.slsa]
url = "https://github.com/fluxcd/flux2/releases/download/v2.8.5/provenance.intoto.jsonl"

[tools.flux2."platforms.macos-arm64"]
checksum = "sha256:de5f796c7e836bc07a8bdf227c0ccde74e3938270603d527ddf17e62d0275d44"
url = "https://github.com/fluxcd/flux2/releases/download/v2.8.5/flux_2.8.5_darwin_arm64.tar.gz"

[tools.flux2."platforms.macos-arm64".provenance.slsa]
url = "https://github.com/fluxcd/flux2/releases/download/v2.8.5/provenance.intoto.jsonl"

[tools.flux2."platforms.macos-x64"]
checksum = "sha256:6182cb9d6f28d17022f51a0bf2b1dff7a41d3fbd1d3505c242a84ee0fb7808f0"
url = "https://github.com/fluxcd/flux2/releases/download/v2.8.5/flux_2.8.5_darwin_amd64.tar.gz"

[tools.flux2."platforms.macos-x64".provenance.slsa]
url = "https://github.com/fluxcd/flux2/releases/download/v2.8.5/provenance.intoto.jsonl"

[tools.flux2."platforms.windows-x64"]
checksum = "sha256:c047cef654c9c6439d324ceb947ccaff1b96928f604a9f19ce498b892212f900"
url = "https://github.com/fluxcd/flux2/releases/download/v2.8.5/flux_2.8.5_windows_amd64.zip"

[tools.flux2."platforms.windows-x64".provenance.slsa]
url = "https://github.com/fluxcd/flux2/releases/download/v2.8.5/provenance.intoto.jsonl"

[[tools.gh]]
version = "2.90.0"
backend = "aqua:cli/cli"

[tools.gh."platforms.linux-arm64"]
checksum = "sha256:1139e1ad912fcddb5ef4b957530184c2c30d9937ff65ff4e641fbf6ca5f28c7c"
url = "https://github.com/cli/cli/releases/download/v2.90.0/gh_2.90.0_linux_arm64.tar.gz"
provenance = "github-attestations"

[tools.gh."platforms.linux-arm64-musl"]
checksum = "sha256:1139e1ad912fcddb5ef4b957530184c2c30d9937ff65ff4e641fbf6ca5f28c7c"
url = "https://github.com/cli/cli/releases/download/v2.90.0/gh_2.90.0_linux_arm64.tar.gz"
provenance = "github-attestations"

[tools.gh."platforms.linux-x64"]
checksum = "sha256:b2aef7b23ec6899bf27f37a32c57a7935d0a178568ac33dc9bb03842f724195a"
url = "https://github.com/cli/cli/releases/download/v2.90.0/gh_2.90.0_linux_amd64.tar.gz"
provenance = "github-attestations"

[tools.gh."platforms.linux-x64-musl"]
checksum = "sha256:b2aef7b23ec6899bf27f37a32c57a7935d0a178568ac33dc9bb03842f724195a"
url = "https://github.com/cli/cli/releases/download/v2.90.0/gh_2.90.0_linux_amd64.tar.gz"
provenance = "github-attestations"

[tools.gh."platforms.macos-arm64"]
checksum = "sha256:82a6acdc3f445dc316b70e1bc15b9b7c4b4e26fd30b04de461a7829ad6c6e97f"
url = "https://github.com/cli/cli/releases/download/v2.90.0/gh_2.90.0_macOS_arm64.zip"
provenance = "github-attestations"

[tools.gh."platforms.macos-x64"]
checksum = "sha256:e44d23dd5f0f8534d7a9989177f2c60ac8ffbcdfc6a0a6e5d1f23c4a3b83a9e0"
url = "https://github.com/cli/cli/releases/download/v2.90.0/gh_2.90.0_macOS_amd64.zip"
provenance = "github-attestations"

[tools.gh."platforms.windows-x64"]
checksum = "sha256:73fcae688eb64ae67828536c9be90db1e5be3f11691a6fa1c1e5418fd24ee10b"
url = "https://github.com/cli/cli/releases/download/v2.90.0/gh_2.90.0_windows_amd64.zip"
provenance = "github-attestations"

[[tools.gitleaks]]
version = "8.30.1"
backend = "aqua:gitleaks/gitleaks"

[tools.gitleaks."platforms.linux-arm64"]
checksum = "sha256:e4a487ee7ccd7d3a7f7ec08657610aa3606637dab924210b3aee62570fb4b080"
url = "https://github.com/gitleaks/gitleaks/releases/download/v8.30.1/gitleaks_8.30.1_linux_arm64.tar.gz"

[tools.gitleaks."platforms.linux-arm64-musl"]
checksum = "sha256:e4a487ee7ccd7d3a7f7ec08657610aa3606637dab924210b3aee62570fb4b080"
url = "https://github.com/gitleaks/gitleaks/releases/download/v8.30.1/gitleaks_8.30.1_linux_arm64.tar.gz"

[tools.gitleaks."platforms.linux-x64"]
checksum = "sha256:551f6fc83ea457d62a0d98237cbad105af8d557003051f41f3e7ca7b3f2470eb"
url = "https://github.com/gitleaks/gitleaks/releases/download/v8.30.1/gitleaks_8.30.1_linux_x64.tar.gz"

[tools.gitleaks."platforms.linux-x64-musl"]
checksum = "sha256:551f6fc83ea457d62a0d98237cbad105af8d557003051f41f3e7ca7b3f2470eb"
url = "https://github.com/gitleaks/gitleaks/releases/download/v8.30.1/gitleaks_8.30.1_linux_x64.tar.gz"

[tools.gitleaks."platforms.macos-arm64"]
checksum = "sha256:b40ab0ae55c505963e365f271a8d3846efbc170aa17f2607f13df610a9aeb6a5"
url = "https://github.com/gitleaks/gitleaks/releases/download/v8.30.1/gitleaks_8.30.1_darwin_arm64.tar.gz"

[tools.gitleaks."platforms.macos-x64"]
checksum = "sha256:dfe101a4db2255fc85120ac7f3d25e4342c3c20cf749f2c20a18081af1952709"
url = "https://github.com/gitleaks/gitleaks/releases/download/v8.30.1/gitleaks_8.30.1_darwin_x64.tar.gz"

[tools.gitleaks."platforms.windows-x64"]
checksum = "sha256:d29144deff3a68aa93ced33dddf84b7fdc26070add4aa0f4513094c8332afc4e"
url = "https://github.com/gitleaks/gitleaks/releases/download/v8.30.1/gitleaks_8.30.1_windows_x64.zip"

[[tools.hcloud]]
version = "1.62.2"
backend = "aqua:hetznercloud/cli"

[tools.hcloud."platforms.linux-arm64"]
checksum = "sha256:362681304434ea1db80913a8f22e78a91f3af77e70e9424ce21d60188a37de07"
url = "https://github.com/hetznercloud/cli/releases/download/v1.62.2/hcloud-linux-arm64.tar.gz"

[tools.hcloud."platforms.linux-arm64-musl"]
checksum = "sha256:362681304434ea1db80913a8f22e78a91f3af77e70e9424ce21d60188a37de07"
url = "https://github.com/hetznercloud/cli/releases/download/v1.62.2/hcloud-linux-arm64.tar.gz"

[tools.hcloud."platforms.linux-x64"]
checksum = "sha256:65f1e0cecf07e2f6e17c23dae63dfbb75fcb335cea00dd743591cc132ff75ab3"
url = "https://github.com/hetznercloud/cli/releases/download/v1.62.2/hcloud-linux-amd64.tar.gz"

[tools.hcloud."platforms.linux-x64-musl"]
checksum = "sha256:65f1e0cecf07e2f6e17c23dae63dfbb75fcb335cea00dd743591cc132ff75ab3"
url = "https://github.com/hetznercloud/cli/releases/download/v1.62.2/hcloud-linux-amd64.tar.gz"

[tools.hcloud."platforms.macos-arm64"]
checksum = "sha256:940561afa14508afbb63f53121648a3fe638cf1328c4ec45925ed6122afe89f3"
url = "https://github.com/hetznercloud/cli/releases/download/v1.62.2/hcloud-darwin-arm64.tar.gz"

[tools.hcloud."platforms.macos-x64"]
checksum = "sha256:3c43c11b98a743abcb109514582681528fe4ab54be271ba67c9b47c340e39dd3"
url = "https://github.com/hetznercloud/cli/releases/download/v1.62.2/hcloud-darwin-amd64.tar.gz"

[tools.hcloud."platforms.windows-x64"]
checksum = "sha256:283fe92fd77257147c483e46011bbc73cb0d6d99a5620e3350a37f115d0776e9"
url = "https://github.com/hetznercloud/cli/releases/download/v1.62.2/hcloud-windows-amd64.zip"

[[tools.jq]]
version = "1.8.1"
backend = "aqua:jqlang/jq"

[tools.jq."platforms.linux-arm64"]
checksum = "sha256:6bc62f25981328edd3cfcfe6fe51b073f2d7e7710d7ef7fcdac28d4e384fc3d4"
url = "https://github.com/jqlang/jq/releases/download/jq-1.8.1/jq-linux-arm64"
provenance = "github-attestations"

[tools.jq."platforms.linux-arm64-musl"]
checksum = "sha256:6bc62f25981328edd3cfcfe6fe51b073f2d7e7710d7ef7fcdac28d4e384fc3d4"
url = "https://github.com/jqlang/jq/releases/download/jq-1.8.1/jq-linux-arm64"
provenance = "github-attestations"

[tools.jq."platforms.linux-x64"]
checksum = "sha256:020468de7539ce70ef1bceaf7cde2e8c4f2ca6c3afb84642aabc5c97d9fc2a0d"
url = "https://github.com/jqlang/jq/releases/download/jq-1.8.1/jq-linux-amd64"
provenance = "github-attestations"

[tools.jq."platforms.linux-x64-musl"]
checksum = "sha256:020468de7539ce70ef1bceaf7cde2e8c4f2ca6c3afb84642aabc5c97d9fc2a0d"
url = "https://github.com/jqlang/jq/releases/download/jq-1.8.1/jq-linux-amd64"
provenance = "github-attestations"

[tools.jq."platforms.macos-arm64"]
checksum = "sha256:a9fe3ea2f86dfc72f6728417521ec9067b343277152b114f4e98d8cb0e263603"
url = "https://github.com/jqlang/jq/releases/download/jq-1.8.1/jq-macos-arm64"
provenance = "github-attestations"

[tools.jq."platforms.macos-x64"]
checksum = "sha256:e80dbe0d2a2597e3c11c404f03337b981d74b4a8504b70586c354b7697a7c27f"
url = "https://github.com/jqlang/jq/releases/download/jq-1.8.1/jq-macos-amd64"
provenance = "github-attestations"

[tools.jq."platforms.windows-x64"]
checksum = "sha256:23cb60a1354eed6bcc8d9b9735e8c7b388cd1fdcb75726b93bc299ef22dd9334"
url = "https://github.com/jqlang/jq/releases/download/jq-1.8.1/jq-windows-amd64.exe"
provenance = "github-attestations"

[[tools.kubectl]]
version = "1.35.4"
backend = "aqua:kubernetes/kubernetes/kubectl"

[tools.kubectl."platforms.linux-arm64"]
checksum = "sha256:6a5a4cc4e396d7626a7a693a3044b51c75520f81db30fe6816c2554e53be336f"
url = "https://dl.k8s.io/v1.35.4/bin/linux/arm64/kubectl"

[tools.kubectl."platforms.linux-arm64-musl"]
checksum = "sha256:6a5a4cc4e396d7626a7a693a3044b51c75520f81db30fe6816c2554e53be336f"
url = "https://dl.k8s.io/v1.35.4/bin/linux/arm64/kubectl"

[tools.kubectl."platforms.linux-x64"]
checksum = "sha256:b529430df69a688fd61b64ad2299edb5fd71cb58be2a4779dba624c7d3510efd"
url = "https://dl.k8s.io/v1.35.4/bin/linux/amd64/kubectl"

[tools.kubectl."platforms.linux-x64-musl"]
checksum = "sha256:b529430df69a688fd61b64ad2299edb5fd71cb58be2a4779dba624c7d3510efd"
url = "https://dl.k8s.io/v1.35.4/bin/linux/amd64/kubectl"

[tools.kubectl."platforms.macos-arm64"]
checksum = "sha256:ec644a2473b64b486987f695dfb1867963ce6d42d267b86e944585a546f92b5d"
url = "https://dl.k8s.io/v1.35.4/bin/darwin/arm64/kubectl"

[tools.kubectl."platforms.macos-x64"]
checksum = "sha256:dddb01bddb96f78e48e33105ccfa2feedff585a8b2e3b812f5d0f64c7403710a"
url = "https://dl.k8s.io/v1.35.4/bin/darwin/amd64/kubectl"

[tools.kubectl."platforms.windows-x64"]
checksum = "sha256:d77d03309bd80de56dafe8ca59ff6f2076e2ed4ee61c6a94657a4b6e945210e6"
url = "https://dl.k8s.io/v1.35.4/bin/windows/amd64/kubectl.exe"

[[tools.mc]]
version = "RELEASE.2025-08-13T08-35-41Z"
backend = "aqua:minio/mc"

[tools.mc."platforms.linux-arm64"]
checksum = "sha256:14c8c9616cfce4636add161304353244e8de383b2e2752c0e9dad01d4c27c12c"
url = "https://dl.min.io/client/mc/release/linux-arm64/archive/mc.RELEASE.2025-08-13T08-35-41Z"

[tools.mc."platforms.linux-arm64-musl"]
checksum = "sha256:14c8c9616cfce4636add161304353244e8de383b2e2752c0e9dad01d4c27c12c"
url = "https://dl.min.io/client/mc/release/linux-arm64/archive/mc.RELEASE.2025-08-13T08-35-41Z"

[tools.mc."platforms.linux-x64"]
checksum = "sha256:01f866e9c5f9b87c2b09116fa5d7c06695b106242d829a8bb32990c00312e891"
url = "https://dl.min.io/client/mc/release/linux-amd64/archive/mc.RELEASE.2025-08-13T08-35-41Z"

[tools.mc."platforms.linux-x64-musl"]
checksum = "sha256:01f866e9c5f9b87c2b09116fa5d7c06695b106242d829a8bb32990c00312e891"
url = "https://dl.min.io/client/mc/release/linux-amd64/archive/mc.RELEASE.2025-08-13T08-35-41Z"

[tools.mc."platforms.macos-arm64"]
checksum = "sha256:a877fd0c183409da9f20f9d6e1811987298bbbca1aa03428eebdffba79fb9445"
url = "https://dl.min.io/client/mc/release/darwin-arm64/archive/mc.RELEASE.2025-08-13T08-35-41Z"

[tools.mc."platforms.macos-x64"]
checksum = "sha256:2862c79cce11b09be9a8911a279b2e9465bebf74b9f01abca9c348a0d795f0cb"
url = "https://dl.min.io/client/mc/release/darwin-amd64/archive/mc.RELEASE.2025-08-13T08-35-41Z"

[tools.mc."platforms.windows-x64"]
checksum = "sha256:c8db13ebeda31497f354c0e950809db0ae9b2a2a69b8afee68c128c37300c157"
url = "https://dl.min.io/client/mc/release/windows-amd64/archive/mc.RELEASE.2025-08-13T08-35-41Z"

[[tools.opentofu]]
version = "1.11.6"
backend = "aqua:opentofu/opentofu"

[tools.opentofu."platforms.linux-arm64"]
checksum = "sha256:d4f2ab15776925864b049bb329d69682851de6f5204f256e9fa86d07a0308850"
url = "https://github.com/opentofu/opentofu/releases/download/v1.11.6/tofu_1.11.6_linux_arm64.tar.gz"

[tools.opentofu."platforms.linux-arm64-musl"]
checksum = "sha256:d4f2ab15776925864b049bb329d69682851de6f5204f256e9fa86d07a0308850"
url = "https://github.com/opentofu/opentofu/releases/download/v1.11.6/tofu_1.11.6_linux_arm64.tar.gz"

[tools.opentofu."platforms.linux-x64"]
checksum = "sha256:02800fafa2753a9f50c38483e2fdf5bc353fd62895eb9e25eec9a5145df3a69e"
url = "https://github.com/opentofu/opentofu/releases/download/v1.11.6/tofu_1.11.6_linux_amd64.tar.gz"

[tools.opentofu."platforms.linux-x64-musl"]
checksum = "sha256:02800fafa2753a9f50c38483e2fdf5bc353fd62895eb9e25eec9a5145df3a69e"
url = "https://github.com/opentofu/opentofu/releases/download/v1.11.6/tofu_1.11.6_linux_amd64.tar.gz"

[tools.opentofu."platforms.macos-arm64"]
checksum = "sha256:62d7fa8539e13b444827aa0a3b90c5972da5c47e8f8882d9dcf2e430e78840c1"
url = "https://github.com/opentofu/opentofu/releases/download/v1.11.6/tofu_1.11.6_darwin_arm64.tar.gz"

[tools.opentofu."platforms.macos-x64"]
checksum = "sha256:1408cdef1c380f914565e6b4bb70794c6b163f195fcb233357f3d6c5745906b6"
url = "https://github.com/opentofu/opentofu/releases/download/v1.11.6/tofu_1.11.6_darwin_amd64.tar.gz"

[tools.opentofu."platforms.windows-x64"]
checksum = "sha256:27323f70c875b8251bfd7e61a4cffc3ebff4e56ed1e611b955016f0c7077367e"
url = "https://github.com/opentofu/opentofu/releases/download/v1.11.6/tofu_1.11.6_windows_amd64.tar.gz"

<<<<<<< HEAD
[[tools."pipx:pre-commit"]]
version = "4.5.1"
backend = "pipx:pre-commit"

=======
>>>>>>> 548a921 (chore: improve mise config)
[[tools."pipx:yamllint"]]
version = "1.38.0"
backend = "pipx:yamllint"

[[tools."pipx:yubikey-manager"]]
version = "5.9.1"
backend = "pipx:yubikey-manager"

<<<<<<< HEAD
=======
[[tools.prek]]
version = "0.3.9"
backend = "aqua:j178/prek"

[tools.prek."platforms.linux-arm64"]
checksum = "sha256:b6153b0756a61fc45bf9e63aaf68661bdd9da03dfcf18e2509cedba445b6c4c9"
url = "https://github.com/j178/prek/releases/download/v0.3.9/prek-aarch64-unknown-linux-musl.tar.gz"
provenance = "github-attestations"

[tools.prek."platforms.linux-arm64-musl"]
checksum = "sha256:b6153b0756a61fc45bf9e63aaf68661bdd9da03dfcf18e2509cedba445b6c4c9"
url = "https://github.com/j178/prek/releases/download/v0.3.9/prek-aarch64-unknown-linux-musl.tar.gz"
provenance = "github-attestations"

[tools.prek."platforms.linux-x64"]
checksum = "sha256:254b48c4b0d8c7da07d0f23144f55f8b56d3a83c416d17a25dbaaee2f721f231"
url = "https://github.com/j178/prek/releases/download/v0.3.9/prek-x86_64-unknown-linux-musl.tar.gz"

[tools.prek."platforms.linux-x64-musl"]
checksum = "sha256:254b48c4b0d8c7da07d0f23144f55f8b56d3a83c416d17a25dbaaee2f721f231"
url = "https://github.com/j178/prek/releases/download/v0.3.9/prek-x86_64-unknown-linux-musl.tar.gz"
provenance = "github-attestations"

[tools.prek."platforms.macos-arm64"]
checksum = "sha256:0e52d21951d488a9db211c9ea35775614b3cbadc778247486c1e0e9fd0e106cc"
url = "https://github.com/j178/prek/releases/download/v0.3.9/prek-aarch64-apple-darwin.tar.gz"
provenance = "github-attestations"

[tools.prek."platforms.macos-x64"]
checksum = "sha256:62b863b3cfcd56dec6a924acad0362594607c86cb773265e148acce252a5c4ac"
url = "https://github.com/j178/prek/releases/download/v0.3.9/prek-x86_64-apple-darwin.tar.gz"
provenance = "github-attestations"

[tools.prek."platforms.windows-x64"]
checksum = "sha256:a260094190979a6b2aa6e0bef02121a21e8c2715c2d91603f2763123bfc7f902"
url = "https://github.com/j178/prek/releases/download/v0.3.9/prek-x86_64-pc-windows-msvc.zip"
provenance = "github-attestations"

>>>>>>> 548a921 (chore: improve mise config)
[[tools.shellcheck]]
version = "0.11.0"
backend = "aqua:koalaman/shellcheck"

[tools.shellcheck."platforms.linux-arm64"]
checksum = "sha256:12b331c1d2db6b9eb13cfca64306b1b157a86eb69db83023e261eaa7e7c14588"
url = "https://github.com/koalaman/shellcheck/releases/download/v0.11.0/shellcheck-v0.11.0.linux.aarch64.tar.xz"

[tools.shellcheck."platforms.linux-arm64-musl"]
checksum = "sha256:12b331c1d2db6b9eb13cfca64306b1b157a86eb69db83023e261eaa7e7c14588"
url = "https://github.com/koalaman/shellcheck/releases/download/v0.11.0/shellcheck-v0.11.0.linux.aarch64.tar.xz"

[tools.shellcheck."platforms.linux-x64"]
checksum = "sha256:8c3be12b05d5c177a04c29e3c78ce89ac86f1595681cab149b65b97c4e227198"
url = "https://github.com/koalaman/shellcheck/releases/download/v0.11.0/shellcheck-v0.11.0.linux.x86_64.tar.xz"

[tools.shellcheck."platforms.linux-x64-musl"]
checksum = "sha256:8c3be12b05d5c177a04c29e3c78ce89ac86f1595681cab149b65b97c4e227198"
url = "https://github.com/koalaman/shellcheck/releases/download/v0.11.0/shellcheck-v0.11.0.linux.x86_64.tar.xz"

[tools.shellcheck."platforms.macos-arm64"]
checksum = "sha256:56affdd8de5527894dca6dc3d7e0a99a873b0f004d7aabc30ae407d3f48b0a79"
url = "https://github.com/koalaman/shellcheck/releases/download/v0.11.0/shellcheck-v0.11.0.darwin.aarch64.tar.xz"

[tools.shellcheck."platforms.macos-x64"]
checksum = "sha256:3c89db4edcab7cf1c27bff178882e0f6f27f7afdf54e859fa041fca10febe4c6"
url = "https://github.com/koalaman/shellcheck/releases/download/v0.11.0/shellcheck-v0.11.0.darwin.x86_64.tar.xz"

[tools.shellcheck."platforms.windows-x64"]
checksum = "sha256:8a4e35ab0b331c85d73567b12f2a444df187f483e5079ceffa6bda1faa2e740e"
url = "https://github.com/koalaman/shellcheck/releases/download/v0.11.0/shellcheck-v0.11.0.zip"

[[tools.sops]]
version = "3.12.2"
backend = "aqua:getsops/sops"

[tools.sops."platforms.linux-arm64"]
checksum = "sha256:f66de6f528dca946e910d74fa36a62a7714c11d0db16bd3c9bd8acf73b66704b"
url = "https://github.com/getsops/sops/releases/download/v3.12.2/sops-v3.12.2.linux.arm64"

[tools.sops."platforms.linux-arm64".provenance.slsa]
url = "https://github.com/getsops/sops/releases/download/v3.12.2/sops-v3.12.2.intoto.jsonl"

[tools.sops."platforms.linux-arm64-musl"]
checksum = "sha256:f66de6f528dca946e910d74fa36a62a7714c11d0db16bd3c9bd8acf73b66704b"
url = "https://github.com/getsops/sops/releases/download/v3.12.2/sops-v3.12.2.linux.arm64"

[tools.sops."platforms.linux-arm64-musl".provenance.slsa]
url = "https://github.com/getsops/sops/releases/download/v3.12.2/sops-v3.12.2.intoto.jsonl"

[tools.sops."platforms.linux-x64"]
checksum = "sha256:14e2e1ba3bef31e74b70cf0b674f6443c80f6c5f3df15d05ffc57c34851b4998"
url = "https://github.com/getsops/sops/releases/download/v3.12.2/sops-v3.12.2.linux.amd64"

[tools.sops."platforms.linux-x64".provenance.slsa]
url = "https://github.com/getsops/sops/releases/download/v3.12.2/sops-v3.12.2.intoto.jsonl"

[tools.sops."platforms.linux-x64-musl"]
checksum = "sha256:14e2e1ba3bef31e74b70cf0b674f6443c80f6c5f3df15d05ffc57c34851b4998"
url = "https://github.com/getsops/sops/releases/download/v3.12.2/sops-v3.12.2.linux.amd64"

[tools.sops."platforms.linux-x64-musl".provenance.slsa]
url = "https://github.com/getsops/sops/releases/download/v3.12.2/sops-v3.12.2.intoto.jsonl"

[tools.sops."platforms.macos-arm64"]
checksum = "sha256:284edc64acf91ca249f227ffa2b444632656e4e1ac02baa26bed7051a7d51ce5"
url = "https://github.com/getsops/sops/releases/download/v3.12.2/sops-v3.12.2.darwin.arm64"

[tools.sops."platforms.macos-arm64".provenance.slsa]
url = "https://github.com/getsops/sops/releases/download/v3.12.2/sops-v3.12.2.intoto.jsonl"

[tools.sops."platforms.macos-x64"]
checksum = "sha256:767c0dcb42e052fd6f2ac17d4473eca6f5fc4910e2b70127f1308d86c606c022"
url = "https://github.com/getsops/sops/releases/download/v3.12.2/sops-v3.12.2.darwin.amd64"

[tools.sops."platforms.macos-x64".provenance.slsa]
url = "https://github.com/getsops/sops/releases/download/v3.12.2/sops-v3.12.2.intoto.jsonl"

[tools.sops."platforms.windows-x64"]
checksum = "sha256:5e777b1854ab2a6271d8f66375970e1fe3eea838251c309de151d16a2bdf13a2"
url = "https://github.com/getsops/sops/releases/download/v3.12.2/sops-v3.12.2.amd64.exe"

[tools.sops."platforms.windows-x64".provenance.slsa]
url = "https://github.com/getsops/sops/releases/download/v3.12.2/sops-v3.12.2.intoto.jsonl"

[[tools.talosctl]]
version = "1.12.6"
backend = "aqua:siderolabs/talos"

[tools.talosctl."platforms.linux-arm64"]
checksum = "sha256:4d28254ee6ea994bbb0bca49b2047d69ccc90fa9ffb2004195143280443ada16"
url = "https://github.com/siderolabs/talos/releases/download/v1.12.6/talosctl-linux-arm64"
provenance = "cosign"

[tools.talosctl."platforms.linux-arm64-musl"]
checksum = "sha256:4d28254ee6ea994bbb0bca49b2047d69ccc90fa9ffb2004195143280443ada16"
url = "https://github.com/siderolabs/talos/releases/download/v1.12.6/talosctl-linux-arm64"
provenance = "cosign"

[tools.talosctl."platforms.linux-x64"]
checksum = "sha256:4c41a3b10b075292e64b182283d558e9d8e935f43239de1ed4e4b14359593efb"
url = "https://github.com/siderolabs/talos/releases/download/v1.12.6/talosctl-linux-amd64"
provenance = "cosign"

[tools.talosctl."platforms.linux-x64-musl"]
checksum = "sha256:4c41a3b10b075292e64b182283d558e9d8e935f43239de1ed4e4b14359593efb"
url = "https://github.com/siderolabs/talos/releases/download/v1.12.6/talosctl-linux-amd64"
provenance = "cosign"

[tools.talosctl."platforms.macos-arm64"]
checksum = "sha256:259f0cac549252a29f39703d992917479cec909a0ea8113c3a88d4002b395285"
url = "https://github.com/siderolabs/talos/releases/download/v1.12.6/talosctl-darwin-arm64"
provenance = "cosign"

[tools.talosctl."platforms.macos-x64"]
checksum = "sha256:86cc3a343515fac34042f0d1d2f9e7d9c67d85789e148a913b5de0bf32093095"
url = "https://github.com/siderolabs/talos/releases/download/v1.12.6/talosctl-darwin-amd64"
provenance = "cosign"

[tools.talosctl."platforms.windows-x64"]
checksum = "sha256:3b33674623ec2ef496ab490a82969bc8ec0a0000adb1679d88dfeb1f4fc0c489"
url = "https://github.com/siderolabs/talos/releases/download/v1.12.6/talosctl-windows-amd64.exe"
provenance = "cosign"

[[tools.yq]]
version = "4.53.2"
backend = "aqua:mikefarah/yq"

[tools.yq."platforms.linux-arm64"]
checksum = "sha256:03061b2a50c7a498de2bbb92d7cb078ce433011f085a4994117c2726be4106ea"
url = "https://github.com/mikefarah/yq/releases/download/v4.53.2/yq_linux_arm64"

[tools.yq."platforms.linux-arm64-musl"]
checksum = "sha256:03061b2a50c7a498de2bbb92d7cb078ce433011f085a4994117c2726be4106ea"
url = "https://github.com/mikefarah/yq/releases/download/v4.53.2/yq_linux_arm64"

[tools.yq."platforms.linux-x64"]
checksum = "sha256:d56bf5c6819e8e696340c312bd70f849dc1678a7cda9c2ad63eebd906371d56b"
url = "https://github.com/mikefarah/yq/releases/download/v4.53.2/yq_linux_amd64"

[tools.yq."platforms.linux-x64-musl"]
checksum = "sha256:d56bf5c6819e8e696340c312bd70f849dc1678a7cda9c2ad63eebd906371d56b"
url = "https://github.com/mikefarah/yq/releases/download/v4.53.2/yq_linux_amd64"

[tools.yq."platforms.macos-arm64"]
checksum = "sha256:541ba2287560df70f561955e2d7f7e1cd00cf2a15a884f6b5c87a4bfa887bc07"
url = "https://github.com/mikefarah/yq/releases/download/v4.53.2/yq_darwin_arm64"

[tools.yq."platforms.macos-x64"]
checksum = "sha256:616b0a0f6a5b79d746f05a169c2b9bb40dee00c605ef165b9a1c1681bba738ac"
url = "https://github.com/mikefarah/yq/releases/download/v4.53.2/yq_darwin_amd64"

[tools.yq."platforms.windows-x64"]
checksum = "sha256:2aee32f1de46a20672f48c25df3018839798bd509143f2ce05fdab1550ff5592"
url = "https://github.com/mikefarah/yq/releases/download/v4.53.2/yq_windows_amd64.exe"
