# @generated - this file is auto-generated by `mise lock` https://mise.en.dev/dev-tools/mise-lock.html

[[tools.age]]
version = "1.3.1"
backend = "aqua:FiloSottile/age"

[tools.age."platforms.linux-arm64"]
checksum = "sha256:c6878a324421b69e3e20b00ba17c04bc5c6dab0030cfe55bf8f68fa8d9e9093a"
url = "https://github.com/FiloSottile/age/releases/download/v1.3.1/age-v1.3.1-linux-arm64.tar.gz"
provenance = "github-attestations"

[tools.age."platforms.linux-arm64-musl"]
checksum = "sha256:c6878a324421b69e3e20b00ba17c04bc5c6dab0030cfe55bf8f68fa8d9e9093a"
url = "https://github.com/FiloSottile/age/releases/download/v1.3.1/age-v1.3.1-linux-arm64.tar.gz"
provenance = "github-attestations"

[tools.age."platforms.linux-x64"]
checksum = "sha256:bdc69c09cbdd6cf8b1f333d372a1f58247b3a33146406333e30c0f26e8f51377"
url = "https://github.com/FiloSottile/age/releases/download/v1.3.1/age-v1.3.1-linux-amd64.tar.gz"
provenance = "github-attestations"

[tools.age."platforms.linux-x64-musl"]
checksum = "sha256:bdc69c09cbdd6cf8b1f333d372a1f58247b3a33146406333e30c0f26e8f51377"
url = "https://github.com/FiloSottile/age/releases/download/v1.3.1/age-v1.3.1-linux-amd64.tar.gz"
provenance = "github-attestations"

[tools.age."platforms.macos-arm64"]
checksum = "sha256:01120ea2cbf0463d4c6bd767f99f3271bbed1cdc8a9aa718a76ba1fe4f01998b"
url = "https://github.com/FiloSottile/age/releases/download/v1.3.1/age-v1.3.1-darwin-arm64.tar.gz"
provenance = "github-attestations"

[tools.age."platforms.windows-x64"]
checksum = "sha256:c56e8ce22f7e80cb85ad946cc82d198767b056366201d3e1a2b93d865be38154"
url = "https://github.com/FiloSottile/age/releases/download/v1.3.1/age-v1.3.1-windows-amd64.zip"
provenance = "github-attestations"

[[tools."aqua:cloudnative-pg/cloudnative-pg/kubectl-cnpg"]]
version = "1.30.0"
backend = "aqua:cloudnative-pg/cloudnative-pg/kubectl-cnpg"

[tools."aqua:cloudnative-pg/cloudnative-pg/kubectl-cnpg"."platforms.linux-arm64"]
checksum = "sha256:633eec5eb13ec640284804338e64c09d3bdbf907734675dea9e30689eb77654a"
url = "https://github.com/cloudnative-pg/cloudnative-pg/releases/download/v1.30.0/kubectl-cnpg_1.30.0_linux_arm64.tar.gz"
url_api = "https://api.github.com/repos/cloudnative-pg/cloudnative-pg/releases/assets/461307825"

[tools."aqua:cloudnative-pg/cloudnative-pg/kubectl-cnpg"."platforms.linux-arm64".provenance.slsa]
url = "https://github.com/cloudnative-pg/cloudnative-pg/releases/download/v1.30.0/multiple.intoto.jsonl"

[tools."aqua:cloudnative-pg/cloudnative-pg/kubectl-cnpg"."platforms.linux-arm64-musl"]
checksum = "sha256:633eec5eb13ec640284804338e64c09d3bdbf907734675dea9e30689eb77654a"
url = "https://github.com/cloudnative-pg/cloudnative-pg/releases/download/v1.30.0/kubectl-cnpg_1.30.0_linux_arm64.tar.gz"
url_api = "https://api.github.com/repos/cloudnative-pg/cloudnative-pg/releases/assets/461307825"

[tools."aqua:cloudnative-pg/cloudnative-pg/kubectl-cnpg"."platforms.linux-arm64-musl".provenance.slsa]
url = "https://github.com/cloudnative-pg/cloudnative-pg/releases/download/v1.30.0/multiple.intoto.jsonl"

[tools."aqua:cloudnative-pg/cloudnative-pg/kubectl-cnpg"."platforms.linux-x64"]
checksum = "sha256:33784dc3b61edb0ddb1a68db6ef045bd32daace5db2ec1f0a02e0e8185eef7eb"
url = "https://github.com/cloudnative-pg/cloudnative-pg/releases/download/v1.30.0/kubectl-cnpg_1.30.0_linux_x86_64.tar.gz"
url_api = "https://api.github.com/repos/cloudnative-pg/cloudnative-pg/releases/assets/461307823"

[tools."aqua:cloudnative-pg/cloudnative-pg/kubectl-cnpg"."platforms.linux-x64".provenance.slsa]
url = "https://github.com/cloudnative-pg/cloudnative-pg/releases/download/v1.30.0/multiple.intoto.jsonl"

[tools."aqua:cloudnative-pg/cloudnative-pg/kubectl-cnpg"."platforms.linux-x64-musl"]
checksum = "sha256:33784dc3b61edb0ddb1a68db6ef045bd32daace5db2ec1f0a02e0e8185eef7eb"
url = "https://github.com/cloudnative-pg/cloudnative-pg/releases/download/v1.30.0/kubectl-cnpg_1.30.0_linux_x86_64.tar.gz"
url_api = "https://api.github.com/repos/cloudnative-pg/cloudnative-pg/releases/assets/461307823"

[tools."aqua:cloudnative-pg/cloudnative-pg/kubectl-cnpg"."platforms.linux-x64-musl".provenance.slsa]
url = "https://github.com/cloudnative-pg/cloudnative-pg/releases/download/v1.30.0/multiple.intoto.jsonl"

[tools."aqua:cloudnative-pg/cloudnative-pg/kubectl-cnpg"."platforms.macos-arm64"]
checksum = "sha256:88bb6da8ca5b63b5a4e60dae88b320bdcba3a8843536ad86e0fe077765ff2bbc"
url = "https://github.com/cloudnative-pg/cloudnative-pg/releases/download/v1.30.0/kubectl-cnpg_1.30.0_darwin_arm64.tar.gz"
url_api = "https://api.github.com/repos/cloudnative-pg/cloudnative-pg/releases/assets/461307837"

[tools."aqua:cloudnative-pg/cloudnative-pg/kubectl-cnpg"."platforms.macos-arm64".provenance.slsa]
url = "https://github.com/cloudnative-pg/cloudnative-pg/releases/download/v1.30.0/multiple.intoto.jsonl"

[tools."aqua:cloudnative-pg/cloudnative-pg/kubectl-cnpg"."platforms.macos-x64"]
checksum = "sha256:3325ff39ab3ab198753440f330fff2bcd02d72b00804d97e4257933c078942e5"
url = "https://github.com/cloudnative-pg/cloudnative-pg/releases/download/v1.30.0/kubectl-cnpg_1.30.0_darwin_x86_64.tar.gz"
url_api = "https://api.github.com/repos/cloudnative-pg/cloudnative-pg/releases/assets/461307830"

[tools."aqua:cloudnative-pg/cloudnative-pg/kubectl-cnpg"."platforms.macos-x64".provenance.slsa]
url = "https://github.com/cloudnative-pg/cloudnative-pg/releases/download/v1.30.0/multiple.intoto.jsonl"

[tools."aqua:cloudnative-pg/cloudnative-pg/kubectl-cnpg"."platforms.windows-x64"]
checksum = "sha256:bc6817105ef4ea1973a03a4a0e972baff7ad86b4542414960b654cc40ae81377"
url = "https://github.com/cloudnative-pg/cloudnative-pg/releases/download/v1.30.0/kubectl-cnpg_1.30.0_windows_x86_64.tar.gz"
url_api = "https://api.github.com/repos/cloudnative-pg/cloudnative-pg/releases/assets/461307834"

[tools."aqua:cloudnative-pg/cloudnative-pg/kubectl-cnpg"."platforms.windows-x64".provenance.slsa]
url = "https://github.com/cloudnative-pg/cloudnative-pg/releases/download/v1.30.0/multiple.intoto.jsonl"

[[tools."aqua:str4d/age-plugin-yubikey"]]
version = "0.5.0"
backend = "aqua:str4d/age-plugin-yubikey"

[tools."aqua:str4d/age-plugin-yubikey"."platforms.linux-x64"]
url = "https://github.com/str4d/age-plugin-yubikey/releases/download/v0.5.0/age-plugin-yubikey-v0.5.0-x86_64-linux.tar.gz"

[tools."aqua:str4d/age-plugin-yubikey"."platforms.linux-x64-musl"]
url = "https://github.com/str4d/age-plugin-yubikey/releases/download/v0.5.0/age-plugin-yubikey-v0.5.0-x86_64-linux.tar.gz"

[tools."aqua:str4d/age-plugin-yubikey"."platforms.macos-arm64"]
url = "https://github.com/str4d/age-plugin-yubikey/releases/download/v0.5.0/age-plugin-yubikey-v0.5.0-arm64-darwin.tar.gz"

[tools."aqua:str4d/age-plugin-yubikey"."platforms.windows-x64"]
url = "https://github.com/str4d/age-plugin-yubikey/releases/download/v0.5.0/age-plugin-yubikey-v0.5.0-x86_64-windows.zip"

[[tools."aqua:tailscale/tailscale"]]
version = "1.96.4"
backend = "aqua:tailscale/tailscale"

[tools."aqua:tailscale/tailscale"."platforms.linux-arm64"]
url = "https://pkgs.tailscale.com/stable/tailscale_1.96.4_arm64.tgz"

[tools."aqua:tailscale/tailscale"."platforms.linux-arm64-musl"]
url = "https://pkgs.tailscale.com/stable/tailscale_1.96.4_arm64.tgz"

[tools."aqua:tailscale/tailscale"."platforms.linux-x64"]
url = "https://pkgs.tailscale.com/stable/tailscale_1.96.4_amd64.tgz"

[tools."aqua:tailscale/tailscale"."platforms.linux-x64-musl"]
url = "https://pkgs.tailscale.com/stable/tailscale_1.96.4_amd64.tgz"

[tools."aqua:tailscale/tailscale"."platforms.macos-arm64"]
url = "https://pkgs.tailscale.com/stable/Tailscale-1.96.4-macos.pkg"

[tools."aqua:tailscale/tailscale"."platforms.macos-x64"]
url = "https://pkgs.tailscale.com/stable/Tailscale-1.96.4-macos.pkg"

[[tools.bats]]
version = "1.14.0"
backend = "aqua:bats-core/bats-core"

[tools.bats."platforms.linux-arm64"]
url = "https://github.com/bats-core/bats-core/archive/refs/tags/v1.14.0.tar.gz"
url_api = "https://api.github.com/repos/bats-core/bats-core/tarball/v1.14.0"

[tools.bats."platforms.linux-arm64-musl"]
url = "https://github.com/bats-core/bats-core/archive/refs/tags/v1.14.0.tar.gz"
url_api = "https://api.github.com/repos/bats-core/bats-core/tarball/v1.14.0"

[tools.bats."platforms.linux-x64"]
url = "https://github.com/bats-core/bats-core/archive/refs/tags/v1.14.0.tar.gz"
url_api = "https://api.github.com/repos/bats-core/bats-core/tarball/v1.14.0"

[tools.bats."platforms.linux-x64-musl"]
url = "https://github.com/bats-core/bats-core/archive/refs/tags/v1.14.0.tar.gz"
url_api = "https://api.github.com/repos/bats-core/bats-core/tarball/v1.14.0"

[tools.bats."platforms.macos-arm64"]
url = "https://github.com/bats-core/bats-core/archive/refs/tags/v1.14.0.tar.gz"
url_api = "https://api.github.com/repos/bats-core/bats-core/tarball/v1.14.0"

[tools.bats."platforms.macos-x64"]
url = "https://github.com/bats-core/bats-core/archive/refs/tags/v1.14.0.tar.gz"
url_api = "https://api.github.com/repos/bats-core/bats-core/tarball/v1.14.0"

[[tools.flux2]]
version = "2.9.4"
backend = "aqua:fluxcd/flux2"

[tools.flux2."platforms.linux-arm64"]
checksum = "sha256:dcab945f8d8658662fa1db93e150a602ba1f91da367a82e099bd65595fc7c62c"
url = "https://github.com/fluxcd/flux2/releases/download/v2.9.4/flux_2.9.4_linux_arm64.tar.gz"
url_api = "https://api.github.com/repos/fluxcd/flux2/releases/assets/505259828"

[tools.flux2."platforms.linux-arm64".provenance.slsa]
url = "https://github.com/fluxcd/flux2/releases/download/v2.9.4/provenance.intoto.jsonl"

[tools.flux2."platforms.linux-arm64-musl"]
checksum = "sha256:dcab945f8d8658662fa1db93e150a602ba1f91da367a82e099bd65595fc7c62c"
url = "https://github.com/fluxcd/flux2/releases/download/v2.9.4/flux_2.9.4_linux_arm64.tar.gz"
url_api = "https://api.github.com/repos/fluxcd/flux2/releases/assets/505259828"

[tools.flux2."platforms.linux-arm64-musl".provenance.slsa]
url = "https://github.com/fluxcd/flux2/releases/download/v2.9.4/provenance.intoto.jsonl"

[tools.flux2."platforms.linux-x64"]
checksum = "sha256:c2c397a52930f52d2005c01d276116b059d062de379386d58e98115380a766a2"
url = "https://github.com/fluxcd/flux2/releases/download/v2.9.4/flux_2.9.4_linux_amd64.tar.gz"
url_api = "https://api.github.com/repos/fluxcd/flux2/releases/assets/505259827"

[tools.flux2."platforms.linux-x64".provenance.slsa]
url = "https://github.com/fluxcd/flux2/releases/download/v2.9.4/provenance.intoto.jsonl"

[tools.flux2."platforms.linux-x64-musl"]
checksum = "sha256:c2c397a52930f52d2005c01d276116b059d062de379386d58e98115380a766a2"
url = "https://github.com/fluxcd/flux2/releases/download/v2.9.4/flux_2.9.4_linux_amd64.tar.gz"
url_api = "https://api.github.com/repos/fluxcd/flux2/releases/assets/505259827"

[tools.flux2."platforms.linux-x64-musl".provenance.slsa]
url = "https://github.com/fluxcd/flux2/releases/download/v2.9.4/provenance.intoto.jsonl"

[tools.flux2."platforms.macos-arm64"]
checksum = "sha256:5350675411f1c8c20fb7fd827450933e939f7ab82a2cd92f8fa2abe497761911"
url = "https://github.com/fluxcd/flux2/releases/download/v2.9.4/flux_2.9.4_darwin_arm64.tar.gz"
url_api = "https://api.github.com/repos/fluxcd/flux2/releases/assets/505259822"

[tools.flux2."platforms.macos-arm64".provenance.slsa]
url = "https://github.com/fluxcd/flux2/releases/download/v2.9.4/provenance.intoto.jsonl"

[tools.flux2."platforms.macos-x64"]
checksum = "sha256:162e11dd0fd44d1d87f3b8308b74e8ef8fedd0a550b8501f0365f329efc476f8"
url = "https://github.com/fluxcd/flux2/releases/download/v2.9.4/flux_2.9.4_darwin_amd64.tar.gz"
url_api = "https://api.github.com/repos/fluxcd/flux2/releases/assets/505259836"

[tools.flux2."platforms.macos-x64".provenance.slsa]
url = "https://github.com/fluxcd/flux2/releases/download/v2.9.4/provenance.intoto.jsonl"

[tools.flux2."platforms.windows-x64"]
checksum = "sha256:524a148bdc77d6baa05fb22472e2ecf153f51c198ff299475a7245e4016b06c2"
url = "https://github.com/fluxcd/flux2/releases/download/v2.9.4/flux_2.9.4_windows_amd64.zip"
url_api = "https://api.github.com/repos/fluxcd/flux2/releases/assets/505259830"

[tools.flux2."platforms.windows-x64".provenance.slsa]
url = "https://github.com/fluxcd/flux2/releases/download/v2.9.4/provenance.intoto.jsonl"

[[tools.gh]]
version = "2.98.0"
backend = "aqua:cli/cli"

[tools.gh."platforms.linux-arm64"]
checksum = "sha256:cf689084f3a3618f7eae4a2420d335d74626d65f5e594b9828d125d69f800d86"
url = "https://github.com/cli/cli/releases/download/v2.98.0/gh_2.98.0_linux_arm64.tar.gz"
url_api = "https://api.github.com/repos/cli/cli/releases/assets/522857902"
provenance = "github-attestations"

[tools.gh."platforms.linux-arm64-musl"]
checksum = "sha256:cf689084f3a3618f7eae4a2420d335d74626d65f5e594b9828d125d69f800d86"
url = "https://github.com/cli/cli/releases/download/v2.98.0/gh_2.98.0_linux_arm64.tar.gz"
url_api = "https://api.github.com/repos/cli/cli/releases/assets/522857902"
provenance = "github-attestations"

[tools.gh."platforms.linux-x64"]
checksum = "sha256:3b8ac6b30336802fc1a858d7c084e11cdf24ac1a761ca90b68022d7d729208de"
url = "https://github.com/cli/cli/releases/download/v2.98.0/gh_2.98.0_linux_amd64.tar.gz"
url_api = "https://api.github.com/repos/cli/cli/releases/assets/522857901"
provenance = "github-attestations"

[tools.gh."platforms.linux-x64-musl"]
checksum = "sha256:3b8ac6b30336802fc1a858d7c084e11cdf24ac1a761ca90b68022d7d729208de"
url = "https://github.com/cli/cli/releases/download/v2.98.0/gh_2.98.0_linux_amd64.tar.gz"
url_api = "https://api.github.com/repos/cli/cli/releases/assets/522857901"
provenance = "github-attestations"

[tools.gh."platforms.macos-arm64"]
checksum = "sha256:8cfb027cc5310675f2b830eac8f9865c1155a45ffcf9757f699fdd5a22046ca4"
url = "https://github.com/cli/cli/releases/download/v2.98.0/gh_2.98.0_macOS_arm64.zip"
url_api = "https://api.github.com/repos/cli/cli/releases/assets/522857972"
provenance = "github-attestations"

[tools.gh."platforms.macos-x64"]
checksum = "sha256:734c7bbd0bc56a3974500ee9aea74d60f0e5b89be09e92b9d9148939a3a1e0e6"
url = "https://github.com/cli/cli/releases/download/v2.98.0/gh_2.98.0_macOS_amd64.zip"
url_api = "https://api.github.com/repos/cli/cli/releases/assets/522857971"
provenance = "github-attestations"

[tools.gh."platforms.windows-x64"]
checksum = "sha256:c28c7b3b584967a05b74d9eaf7481bff24ddc34930bf2d6e442c148236561eb1"
url = "https://github.com/cli/cli/releases/download/v2.98.0/gh_2.98.0_windows_amd64.zip"
url_api = "https://api.github.com/repos/cli/cli/releases/assets/522857996"
provenance = "github-attestations"

[[tools.gitleaks]]
version = "8.30.1"
backend = "aqua:gitleaks/gitleaks"

[tools.gitleaks."platforms.linux-arm64"]
checksum = "sha256:e4a487ee7ccd7d3a7f7ec08657610aa3606637dab924210b3aee62570fb4b080"
url = "https://github.com/gitleaks/gitleaks/releases/download/v8.30.1/gitleaks_8.30.1_linux_arm64.tar.gz"

[tools.gitleaks."platforms.linux-arm64-musl"]
checksum = "sha256:e4a487ee7ccd7d3a7f7ec08657610aa3606637dab924210b3aee62570fb4b080"
url = "https://github.com/gitleaks/gitleaks/releases/download/v8.30.1/gitleaks_8.30.1_linux_arm64.tar.gz"

[tools.gitleaks."platforms.linux-x64"]
checksum = "sha256:551f6fc83ea457d62a0d98237cbad105af8d557003051f41f3e7ca7b3f2470eb"
url = "https://github.com/gitleaks/gitleaks/releases/download/v8.30.1/gitleaks_8.30.1_linux_x64.tar.gz"

[tools.gitleaks."platforms.linux-x64-musl"]
checksum = "sha256:551f6fc83ea457d62a0d98237cbad105af8d557003051f41f3e7ca7b3f2470eb"
url = "https://github.com/gitleaks/gitleaks/releases/download/v8.30.1/gitleaks_8.30.1_linux_x64.tar.gz"

[tools.gitleaks."platforms.macos-arm64"]
checksum = "sha256:b40ab0ae55c505963e365f271a8d3846efbc170aa17f2607f13df610a9aeb6a5"
url = "https://github.com/gitleaks/gitleaks/releases/download/v8.30.1/gitleaks_8.30.1_darwin_arm64.tar.gz"

[tools.gitleaks."platforms.macos-x64"]
checksum = "sha256:dfe101a4db2255fc85120ac7f3d25e4342c3c20cf749f2c20a18081af1952709"
url = "https://github.com/gitleaks/gitleaks/releases/download/v8.30.1/gitleaks_8.30.1_darwin_x64.tar.gz"

[tools.gitleaks."platforms.windows-x64"]
checksum = "sha256:d29144deff3a68aa93ced33dddf84b7fdc26070add4aa0f4513094c8332afc4e"
url = "https://github.com/gitleaks/gitleaks/releases/download/v8.30.1/gitleaks_8.30.1_windows_x64.zip"

[[tools.hcloud]]
version = "1.67.0"
backend = "aqua:hetznercloud/cli"

[tools.hcloud."platforms.linux-arm64"]
checksum = "sha256:343a0c86cbdae5d370f1a199ecdfc67c2026d153114ef0992529b692cb9937e8"
url = "https://github.com/hetznercloud/cli/releases/download/v1.67.0/hcloud-linux-arm64.tar.gz"
url_api = "https://api.github.com/repos/hetznercloud/cli/releases/assets/488375576"

[tools.hcloud."platforms.linux-arm64-musl"]
checksum = "sha256:343a0c86cbdae5d370f1a199ecdfc67c2026d153114ef0992529b692cb9937e8"
url = "https://github.com/hetznercloud/cli/releases/download/v1.67.0/hcloud-linux-arm64.tar.gz"
url_api = "https://api.github.com/repos/hetznercloud/cli/releases/assets/488375576"

[tools.hcloud."platforms.linux-x64"]
checksum = "sha256:7164483e05a1abef492768db429a28c21d579dc70e807558cb140debc2971477"
url = "https://github.com/hetznercloud/cli/releases/download/v1.67.0/hcloud-linux-amd64.tar.gz"
url_api = "https://api.github.com/repos/hetznercloud/cli/releases/assets/488375554"

[tools.hcloud."platforms.linux-x64-musl"]
checksum = "sha256:7164483e05a1abef492768db429a28c21d579dc70e807558cb140debc2971477"
url = "https://github.com/hetznercloud/cli/releases/download/v1.67.0/hcloud-linux-amd64.tar.gz"
url_api = "https://api.github.com/repos/hetznercloud/cli/releases/assets/488375554"

[tools.hcloud."platforms.macos-arm64"]
checksum = "sha256:086295a836f4ee3ff062d6435c4b93108833b35278249414c461857aa42ac21a"
url = "https://github.com/hetznercloud/cli/releases/download/v1.67.0/hcloud-darwin-arm64.tar.gz"
url_api = "https://api.github.com/repos/hetznercloud/cli/releases/assets/488375578"

[tools.hcloud."platforms.macos-x64"]
checksum = "sha256:e3b90eeff9505640359e1a13de65314d31700d599b56cd18bfefd5571c32d949"
url = "https://github.com/hetznercloud/cli/releases/download/v1.67.0/hcloud-darwin-amd64.tar.gz"
url_api = "https://api.github.com/repos/hetznercloud/cli/releases/assets/488375544"

[tools.hcloud."platforms.windows-x64"]
checksum = "sha256:a31d9effd17c9c9effcc24ba3674326a7798fc6f29d94ce4dcf49c8ad6aa3648"
url = "https://github.com/hetznercloud/cli/releases/download/v1.67.0/hcloud-windows-amd64.zip"
url_api = "https://api.github.com/repos/hetznercloud/cli/releases/assets/488375545"

[[tools.helm]]
version = "4.2.4"
backend = "aqua:helm/helm"

[tools.helm."platforms.linux-arm64"]
checksum = "sha256:564de2191b881e9f71b5606b25345821ea1682f06ab90499d3ab22b530176da1"
url = "https://get.helm.sh/helm-v4.2.4-linux-arm64.tar.gz"

[tools.helm."platforms.linux-arm64-musl"]
checksum = "sha256:564de2191b881e9f71b5606b25345821ea1682f06ab90499d3ab22b530176da1"
url = "https://get.helm.sh/helm-v4.2.4-linux-arm64.tar.gz"

[tools.helm."platforms.linux-x64"]
checksum = "sha256:c306b46f719b0a4da32d0f78ee21bf90ce8d602f15b22ab753f0674d1670a7f3"
url = "https://get.helm.sh/helm-v4.2.4-linux-amd64.tar.gz"

[tools.helm."platforms.linux-x64-musl"]
checksum = "sha256:c306b46f719b0a4da32d0f78ee21bf90ce8d602f15b22ab753f0674d1670a7f3"
url = "https://get.helm.sh/helm-v4.2.4-linux-amd64.tar.gz"

[tools.helm."platforms.macos-arm64"]
checksum = "sha256:d747eb4e28bd2727173d15b759fa0a17822291ec09db7ced3d55af290a3661a2"
url = "https://get.helm.sh/helm-v4.2.4-darwin-arm64.tar.gz"

[tools.helm."platforms.macos-x64"]
checksum = "sha256:6c163d687ca03c3b5c01928e53bbbcf9518278f47ce7a2f249a5a08e8bdaa2bc"
url = "https://get.helm.sh/helm-v4.2.4-darwin-amd64.tar.gz"

[tools.helm."platforms.windows-x64"]
checksum = "sha256:38cbdab1c7d4f0412d571c3aeefc700bcdc7b663be481832a11dfed01ee67c36"
url = "https://get.helm.sh/helm-v4.2.4-windows-amd64.tar.gz"

[[tools.jq]]
version = "1.8.2"
backend = "aqua:jqlang/jq"

[tools.jq."platforms.linux-arm64"]
checksum = "sha256:8b85c817833814ddca00a144c33705546355afccf0cf39b188f3cdb48b852309"
url = "https://github.com/jqlang/jq/releases/download/jq-1.8.2/jq-linux-arm64"
url_api = "https://api.github.com/repos/jqlang/jq/releases/assets/453012756"
provenance = "github-attestations"

[tools.jq."platforms.linux-arm64-musl"]
checksum = "sha256:8b85c817833814ddca00a144c33705546355afccf0cf39b188f3cdb48b852309"
url = "https://github.com/jqlang/jq/releases/download/jq-1.8.2/jq-linux-arm64"
url_api = "https://api.github.com/repos/jqlang/jq/releases/assets/453012756"
provenance = "github-attestations"

[tools.jq."platforms.linux-x64"]
checksum = "sha256:b1c22172dd303f3be49e935aa56aa48a8b7a46e0bc838b4997d3bb451495870f"
url = "https://github.com/jqlang/jq/releases/download/jq-1.8.2/jq-linux-amd64"
url_api = "https://api.github.com/repos/jqlang/jq/releases/assets/453012752"
provenance = "github-attestations"

[tools.jq."platforms.linux-x64-musl"]
checksum = "sha256:b1c22172dd303f3be49e935aa56aa48a8b7a46e0bc838b4997d3bb451495870f"
url = "https://github.com/jqlang/jq/releases/download/jq-1.8.2/jq-linux-amd64"
url_api = "https://api.github.com/repos/jqlang/jq/releases/assets/453012752"
provenance = "github-attestations"

[tools.jq."platforms.macos-arm64"]
checksum = "sha256:2d75340ba57a4b4b4c8708a21c2dc8e958a48aaa8bba13b27f77f6e4c0eca07e"
url = "https://github.com/jqlang/jq/releases/download/jq-1.8.2/jq-macos-arm64"
url_api = "https://api.github.com/repos/jqlang/jq/releases/assets/453012783"
provenance = "github-attestations"

[tools.jq."platforms.macos-x64"]
checksum = "sha256:e94b266e3c26690550006abe63152b782280f4e14374accdf04cbde844f00bc0"
url = "https://github.com/jqlang/jq/releases/download/jq-1.8.2/jq-macos-amd64"
url_api = "https://api.github.com/repos/jqlang/jq/releases/assets/453012782"
provenance = "github-attestations"

[tools.jq."platforms.windows-x64"]
checksum = "sha256:a6fc67fedaf9128a3309a1e2ebb8b986aeccf70122ee46d2cb4849e423f0c627"
url = "https://github.com/jqlang/jq/releases/download/jq-1.8.2/jq-windows-amd64.exe"
url_api = "https://api.github.com/repos/jqlang/jq/releases/assets/453012788"
provenance = "github-attestations"

[[tools.k9s]]
version = "0.51.0"
backend = "aqua:derailed/k9s"

[tools.k9s."platforms.linux-arm64"]
checksum = "sha256:3ee05c82e5f9198928a4e86133608ba6a2c10a2244d6a7789e820f78319d640c"
url = "https://github.com/derailed/k9s/releases/download/v0.51.0/k9s_Linux_arm64.tar.gz"
url_api = "https://api.github.com/repos/derailed/k9s/releases/assets/440226045"

[tools.k9s."platforms.linux-arm64-musl"]
checksum = "sha256:3ee05c82e5f9198928a4e86133608ba6a2c10a2244d6a7789e820f78319d640c"
url = "https://github.com/derailed/k9s/releases/download/v0.51.0/k9s_Linux_arm64.tar.gz"
url_api = "https://api.github.com/repos/derailed/k9s/releases/assets/440226045"

[tools.k9s."platforms.linux-x64"]
checksum = "sha256:c3752ad51a5a4015a113819c4eeb6e55a4d0e4b8e652494797532f6fc8161dd7"
url = "https://github.com/derailed/k9s/releases/download/v0.51.0/k9s_Linux_amd64.tar.gz"
url_api = "https://api.github.com/repos/derailed/k9s/releases/assets/440224321"

[tools.k9s."platforms.linux-x64-musl"]
checksum = "sha256:c3752ad51a5a4015a113819c4eeb6e55a4d0e4b8e652494797532f6fc8161dd7"
url = "https://github.com/derailed/k9s/releases/download/v0.51.0/k9s_Linux_amd64.tar.gz"
url_api = "https://api.github.com/repos/derailed/k9s/releases/assets/440224321"

[tools.k9s."platforms.macos-arm64"]
checksum = "sha256:9b8c0e8f461e5d33aeee43a67f5ef4aff646a008a786887b8266cbb153c610cc"
url = "https://github.com/derailed/k9s/releases/download/v0.51.0/k9s_Darwin_arm64.tar.gz"
url_api = "https://api.github.com/repos/derailed/k9s/releases/assets/440224326"

[tools.k9s."platforms.macos-x64"]
checksum = "sha256:7e8802c57c45a0cd389e8fc38472243fe4cf48d8ad5957e189ce370e19e5eda0"
url = "https://github.com/derailed/k9s/releases/download/v0.51.0/k9s_Darwin_amd64.tar.gz"
url_api = "https://api.github.com/repos/derailed/k9s/releases/assets/440224322"

[tools.k9s."platforms.windows-x64"]
checksum = "sha256:bba299f1877913979831543a008f2e104995d2ea4ac8f23d7f49c0444857d973"
url = "https://github.com/derailed/k9s/releases/download/v0.51.0/k9s_Windows_amd64.zip"
url_api = "https://api.github.com/repos/derailed/k9s/releases/assets/440224317"

[[tools.kubectl]]
version = "1.37.0"
backend = "aqua:kubernetes/kubernetes/kubectl"

[tools.kubectl."platforms.linux-arm64"]
checksum = "sha256:922df28df248cc00a9e025f947704f1d1482de64ece54cfe57e61f19eaf1eef3"
url = "https://dl.k8s.io/v1.37.0/bin/linux/arm64/kubectl"

[tools.kubectl."platforms.linux-arm64-musl"]
checksum = "sha256:922df28df248cc00a9e025f947704f1d1482de64ece54cfe57e61f19eaf1eef3"
url = "https://dl.k8s.io/v1.37.0/bin/linux/arm64/kubectl"

[tools.kubectl."platforms.linux-x64"]
checksum = "sha256:6129359f4e1f3848a5572ccb0b26cf28b8ca08cef38c95a765b2f64a2c961a2f"
url = "https://dl.k8s.io/v1.37.0/bin/linux/amd64/kubectl"

[tools.kubectl."platforms.linux-x64-musl"]
checksum = "sha256:6129359f4e1f3848a5572ccb0b26cf28b8ca08cef38c95a765b2f64a2c961a2f"
url = "https://dl.k8s.io/v1.37.0/bin/linux/amd64/kubectl"

[tools.kubectl."platforms.macos-arm64"]
checksum = "sha256:583beedaebe422e71d3f1a96acef8b1fef86ea2f09a45ad01aa6c9ce287c1380"
url = "https://dl.k8s.io/v1.37.0/bin/darwin/arm64/kubectl"

[tools.kubectl."platforms.macos-x64"]
checksum = "sha256:d5276c0f4fde77fc446070290f345944a7f1fda153df6b960e5fde93b7a9bccd"
url = "https://dl.k8s.io/v1.37.0/bin/darwin/amd64/kubectl"

[tools.kubectl."platforms.windows-x64"]
checksum = "sha256:4721b614a67bb4932a0369e61f4a323d8c6ca00943d3a2ff14837c124da06f0e"
url = "https://dl.k8s.io/v1.37.0/bin/windows/amd64/kubectl.exe"

[[tools.mc]]
version = "RELEASE.2025-08-13T08-35-41Z"
backend = "aqua:minio/mc"

[tools.mc."platforms.linux-arm64"]
checksum = "sha256:14c8c9616cfce4636add161304353244e8de383b2e2752c0e9dad01d4c27c12c"
url = "https://dl.min.io/client/mc/release/linux-arm64/archive/mc.RELEASE.2025-08-13T08-35-41Z"

[tools.mc."platforms.linux-arm64-musl"]
checksum = "sha256:14c8c9616cfce4636add161304353244e8de383b2e2752c0e9dad01d4c27c12c"
url = "https://dl.min.io/client/mc/release/linux-arm64/archive/mc.RELEASE.2025-08-13T08-35-41Z"

[tools.mc."platforms.linux-x64"]
checksum = "sha256:01f866e9c5f9b87c2b09116fa5d7c06695b106242d829a8bb32990c00312e891"
url = "https://dl.min.io/client/mc/release/linux-amd64/archive/mc.RELEASE.2025-08-13T08-35-41Z"

[tools.mc."platforms.linux-x64-musl"]
checksum = "sha256:01f866e9c5f9b87c2b09116fa5d7c06695b106242d829a8bb32990c00312e891"
url = "https://dl.min.io/client/mc/release/linux-amd64/archive/mc.RELEASE.2025-08-13T08-35-41Z"

[tools.mc."platforms.macos-arm64"]
checksum = "sha256:a877fd0c183409da9f20f9d6e1811987298bbbca1aa03428eebdffba79fb9445"
url = "https://dl.min.io/client/mc/release/darwin-arm64/archive/mc.RELEASE.2025-08-13T08-35-41Z"

[tools.mc."platforms.macos-x64"]
checksum = "sha256:2862c79cce11b09be9a8911a279b2e9465bebf74b9f01abca9c348a0d795f0cb"
url = "https://dl.min.io/client/mc/release/darwin-amd64/archive/mc.RELEASE.2025-08-13T08-35-41Z"

[tools.mc."platforms.windows-x64"]
checksum = "sha256:c8db13ebeda31497f354c0e950809db0ae9b2a2a69b8afee68c128c37300c157"
url = "https://dl.min.io/client/mc/release/windows-amd64/archive/mc.RELEASE.2025-08-13T08-35-41Z"

[[tools.opentofu]]
version = "1.12.6"
backend = "aqua:opentofu/opentofu"

[tools.opentofu."platforms.linux-arm64"]
checksum = "sha256:9bd0228a81bcd0c88f7045c74378f45a815779f19897191dff7d9efba9976b9e"
url = "https://github.com/opentofu/opentofu/releases/download/v1.12.6/tofu_1.12.6_linux_arm64.tar.gz"
url_api = "https://api.github.com/repos/opentofu/opentofu/releases/assets/520762688"

[tools.opentofu."platforms.linux-arm64-musl"]
checksum = "sha256:9bd0228a81bcd0c88f7045c74378f45a815779f19897191dff7d9efba9976b9e"
url = "https://github.com/opentofu/opentofu/releases/download/v1.12.6/tofu_1.12.6_linux_arm64.tar.gz"
url_api = "https://api.github.com/repos/opentofu/opentofu/releases/assets/520762688"

[tools.opentofu."platforms.linux-x64"]
checksum = "sha256:50a6106fa4de523d09c87af85f3db1dd47535fc005727fdca6852146476b88ec"
url = "https://github.com/opentofu/opentofu/releases/download/v1.12.6/tofu_1.12.6_linux_amd64.tar.gz"
url_api = "https://api.github.com/repos/opentofu/opentofu/releases/assets/520762723"

[tools.opentofu."platforms.linux-x64-musl"]
checksum = "sha256:50a6106fa4de523d09c87af85f3db1dd47535fc005727fdca6852146476b88ec"
url = "https://github.com/opentofu/opentofu/releases/download/v1.12.6/tofu_1.12.6_linux_amd64.tar.gz"
url_api = "https://api.github.com/repos/opentofu/opentofu/releases/assets/520762723"

[tools.opentofu."platforms.macos-arm64"]
checksum = "sha256:f958ec5e511063be9feb180ca015a4cb7977566a9cf6a8550bba8c2a9b5aba74"
url = "https://github.com/opentofu/opentofu/releases/download/v1.12.6/tofu_1.12.6_darwin_arm64.tar.gz"
url_api = "https://api.github.com/repos/opentofu/opentofu/releases/assets/520762710"

[tools.opentofu."platforms.macos-x64"]
checksum = "sha256:44bb1855f372f17f365fb94517906e78da5001da10f4c98de57a39bf982f3a92"
url = "https://github.com/opentofu/opentofu/releases/download/v1.12.6/tofu_1.12.6_darwin_amd64.tar.gz"
url_api = "https://api.github.com/repos/opentofu/opentofu/releases/assets/520762655"

[tools.opentofu."platforms.windows-x64"]
checksum = "sha256:bcbcd9ca744af6c4053e2d5e75dae79ff33ad7dc38d45e1233e693d096284538"
url = "https://github.com/opentofu/opentofu/releases/download/v1.12.6/tofu_1.12.6_windows_amd64.tar.gz"
url_api = "https://api.github.com/repos/opentofu/opentofu/releases/assets/520762708"

[[tools."pipx:yamllint"]]
version = "1.38.0"
backend = "pipx:yamllint"

[[tools."pipx:yubikey-manager"]]
version = "5.9.2"
backend = "pipx:yubikey-manager"

[[tools.prek]]
version = "0.5.1"
backend = "aqua:j178/prek"

[tools.prek."platforms.linux-arm64"]
checksum = "sha256:80f555f9b54c3d1bdefbdf6767e52839361fc5fe5520fd2fd9b9046b3d45ac7c"
url = "https://github.com/j178/prek/releases/download/v0.5.1/prek-aarch64-unknown-linux-gnu.tar.gz"
url_api = "https://api.github.com/repos/j178/prek/releases/assets/538950413"
provenance = "github-attestations"

[tools.prek."platforms.linux-arm64-musl"]
checksum = "sha256:1507bd22f6ae5ffb465aff6e7a0159d6f419770286c8b3a8b2f51c5919949997"
url = "https://github.com/j178/prek/releases/download/v0.5.1/prek-aarch64-unknown-linux-musl.tar.gz"
url_api = "https://api.github.com/repos/j178/prek/releases/assets/538950414"
provenance = "github-attestations"

[tools.prek."platforms.linux-x64"]
checksum = "sha256:6506df452f0ad0111303d45e3a51ef27248a083e58d8fabf59c293781bec4f00"
url = "https://github.com/j178/prek/releases/download/v0.5.1/prek-x86_64-unknown-linux-gnu.tar.gz"
url_api = "https://api.github.com/repos/j178/prek/releases/assets/538950443"
provenance = "github-attestations"

[tools.prek."platforms.linux-x64-musl"]
checksum = "sha256:01f873ac49f157885774a5bdb1aa1bc8e3b9db6941d79539df02cc182bdbbcec"
url = "https://github.com/j178/prek/releases/download/v0.5.1/prek-x86_64-unknown-linux-musl.tar.gz"
url_api = "https://api.github.com/repos/j178/prek/releases/assets/538950461"
provenance = "github-attestations"

[tools.prek."platforms.macos-arm64"]
checksum = "sha256:9e5384f128d8731203d7cdd683e2786c269ac5c9dc04d5962f7d078966b16177"
url = "https://github.com/j178/prek/releases/download/v0.5.1/prek-aarch64-apple-darwin.tar.gz"
url_api = "https://api.github.com/repos/j178/prek/releases/assets/538950398"
provenance = "github-attestations"

[tools.prek."platforms.macos-x64"]
checksum = "sha256:f3fd514c2f2ff0b00b06ca48af161c64db723f6300849c77d504c27ca0926c80"
url = "https://github.com/j178/prek/releases/download/v0.5.1/prek-x86_64-apple-darwin.tar.gz"
url_api = "https://api.github.com/repos/j178/prek/releases/assets/538950434"
provenance = "github-attestations"

[tools.prek."platforms.windows-x64"]
checksum = "sha256:0560f9bb198602241491abdcac0d0aecdb18fe64eeaff240b92efa224479fbcc"
url = "https://github.com/j178/prek/releases/download/v0.5.1/prek-x86_64-pc-windows-msvc.zip"
url_api = "https://api.github.com/repos/j178/prek/releases/assets/538950437"
provenance = "github-attestations"

[[tools.shellcheck]]
version = "0.11.0"
backend = "aqua:koalaman/shellcheck"

[tools.shellcheck."platforms.linux-arm64"]
checksum = "sha256:12b331c1d2db6b9eb13cfca64306b1b157a86eb69db83023e261eaa7e7c14588"
url = "https://github.com/koalaman/shellcheck/releases/download/v0.11.0/shellcheck-v0.11.0.linux.aarch64.tar.xz"

[tools.shellcheck."platforms.linux-arm64-musl"]
checksum = "sha256:12b331c1d2db6b9eb13cfca64306b1b157a86eb69db83023e261eaa7e7c14588"
url = "https://github.com/koalaman/shellcheck/releases/download/v0.11.0/shellcheck-v0.11.0.linux.aarch64.tar.xz"

[tools.shellcheck."platforms.linux-x64"]
checksum = "sha256:8c3be12b05d5c177a04c29e3c78ce89ac86f1595681cab149b65b97c4e227198"
url = "https://github.com/koalaman/shellcheck/releases/download/v0.11.0/shellcheck-v0.11.0.linux.x86_64.tar.xz"

[tools.shellcheck."platforms.linux-x64-musl"]
checksum = "sha256:8c3be12b05d5c177a04c29e3c78ce89ac86f1595681cab149b65b97c4e227198"
url = "https://github.com/koalaman/shellcheck/releases/download/v0.11.0/shellcheck-v0.11.0.linux.x86_64.tar.xz"

[tools.shellcheck."platforms.macos-arm64"]
checksum = "sha256:56affdd8de5527894dca6dc3d7e0a99a873b0f004d7aabc30ae407d3f48b0a79"
url = "https://github.com/koalaman/shellcheck/releases/download/v0.11.0/shellcheck-v0.11.0.darwin.aarch64.tar.xz"

[tools.shellcheck."platforms.macos-x64"]
checksum = "sha256:3c89db4edcab7cf1c27bff178882e0f6f27f7afdf54e859fa041fca10febe4c6"
url = "https://github.com/koalaman/shellcheck/releases/download/v0.11.0/shellcheck-v0.11.0.darwin.x86_64.tar.xz"

[tools.shellcheck."platforms.windows-x64"]
checksum = "sha256:8a4e35ab0b331c85d73567b12f2a444df187f483e5079ceffa6bda1faa2e740e"
url = "https://github.com/koalaman/shellcheck/releases/download/v0.11.0/shellcheck-v0.11.0.zip"

[[tools.sops]]
version = "3.13.3"
backend = "aqua:getsops/sops"

[tools.sops."platforms.linux-arm64"]
checksum = "sha256:53b0abacd38ef1b12a66d6c100956691b9cefce018d91f81e73ddf7438b94d77"
url = "https://github.com/getsops/sops/releases/download/v3.13.3/sops-v3.13.3.linux.arm64"
url_api = "https://api.github.com/repos/getsops/sops/releases/assets/486808229"

[tools.sops."platforms.linux-arm64".provenance.slsa]
url = "https://github.com/getsops/sops/releases/download/v3.13.3/sops-v3.13.3.intoto.jsonl"

[tools.sops."platforms.linux-arm64-musl"]
checksum = "sha256:53b0abacd38ef1b12a66d6c100956691b9cefce018d91f81e73ddf7438b94d77"
url = "https://github.com/getsops/sops/releases/download/v3.13.3/sops-v3.13.3.linux.arm64"
url_api = "https://api.github.com/repos/getsops/sops/releases/assets/486808229"

[tools.sops."platforms.linux-arm64-musl".provenance.slsa]
url = "https://github.com/getsops/sops/releases/download/v3.13.3/sops-v3.13.3.intoto.jsonl"

[tools.sops."platforms.linux-x64"]
checksum = "sha256:e5bec3346a873ae91d871550f3e698c1aad962aff462a080e40f25fde17fef6b"
url = "https://github.com/getsops/sops/releases/download/v3.13.3/sops-v3.13.3.linux.amd64"
url_api = "https://api.github.com/repos/getsops/sops/releases/assets/486808201"

[tools.sops."platforms.linux-x64".provenance.slsa]
url = "https://github.com/getsops/sops/releases/download/v3.13.3/sops-v3.13.3.intoto.jsonl"

[tools.sops."platforms.linux-x64-musl"]
checksum = "sha256:e5bec3346a873ae91d871550f3e698c1aad962aff462a080e40f25fde17fef6b"
url = "https://github.com/getsops/sops/releases/download/v3.13.3/sops-v3.13.3.linux.amd64"
url_api = "https://api.github.com/repos/getsops/sops/releases/assets/486808201"

[tools.sops."platforms.linux-x64-musl".provenance.slsa]
url = "https://github.com/getsops/sops/releases/download/v3.13.3/sops-v3.13.3.intoto.jsonl"

[tools.sops."platforms.macos-arm64"]
checksum = "sha256:b97c0d434aab577dc40310e8d22ff9e45eef4c80638ab978daae9b4681c59286"
url = "https://github.com/getsops/sops/releases/download/v3.13.3/sops-v3.13.3.darwin.arm64"
url_api = "https://api.github.com/repos/getsops/sops/releases/assets/486808198"

[tools.sops."platforms.macos-arm64".provenance.slsa]
url = "https://github.com/getsops/sops/releases/download/v3.13.3/sops-v3.13.3.intoto.jsonl"

[tools.sops."platforms.macos-x64"]
checksum = "sha256:42162d5cef10b74fcf80a045a70e658d7ce6e63d6ea1be6f347e44015714468d"
url = "https://github.com/getsops/sops/releases/download/v3.13.3/sops-v3.13.3.darwin.amd64"
url_api = "https://api.github.com/repos/getsops/sops/releases/assets/486808228"

[tools.sops."platforms.macos-x64".provenance.slsa]
url = "https://github.com/getsops/sops/releases/download/v3.13.3/sops-v3.13.3.intoto.jsonl"

[tools.sops."platforms.windows-x64"]
checksum = "sha256:a4a9a398858fe8b2ef72d9686d930bf7c5cece9be74ad83ac3b53cfdd70e6b1c"
url = "https://github.com/getsops/sops/releases/download/v3.13.3/sops-v3.13.3.amd64.exe"
url_api = "https://api.github.com/repos/getsops/sops/releases/assets/486808200"

[tools.sops."platforms.windows-x64".provenance.slsa]
url = "https://github.com/getsops/sops/releases/download/v3.13.3/sops-v3.13.3.intoto.jsonl"

[[tools.talosctl]]
version = "1.13.9"
backend = "aqua:siderolabs/talos"

[tools.talosctl."platforms.linux-arm64"]
checksum = "sha256:51caed158eda73d2888cbf2df2d67551f9c9f8229aa42d3725e481d073e76f0b"
url = "https://github.com/siderolabs/talos/releases/download/v1.13.9/talosctl-linux-arm64"
url_api = "https://api.github.com/repos/siderolabs/talos/releases/assets/520547649"
provenance = "cosign"

[tools.talosctl."platforms.linux-arm64-musl"]
checksum = "sha256:51caed158eda73d2888cbf2df2d67551f9c9f8229aa42d3725e481d073e76f0b"
url = "https://github.com/siderolabs/talos/releases/download/v1.13.9/talosctl-linux-arm64"
url_api = "https://api.github.com/repos/siderolabs/talos/releases/assets/520547649"
provenance = "cosign"

[tools.talosctl."platforms.linux-x64"]
checksum = "sha256:7e1d4b7d5846964bdcf63a794e3c8161bb6ef2983d5ace58ea5322f3bf32a27e"
url = "https://github.com/siderolabs/talos/releases/download/v1.13.9/talosctl-linux-amd64"
url_api = "https://api.github.com/repos/siderolabs/talos/releases/assets/520547641"
provenance = "cosign"

[tools.talosctl."platforms.linux-x64-musl"]
checksum = "sha256:7e1d4b7d5846964bdcf63a794e3c8161bb6ef2983d5ace58ea5322f3bf32a27e"
url = "https://github.com/siderolabs/talos/releases/download/v1.13.9/talosctl-linux-amd64"
url_api = "https://api.github.com/repos/siderolabs/talos/releases/assets/520547641"
provenance = "cosign"

[tools.talosctl."platforms.macos-arm64"]
checksum = "sha256:ab4c27a959ff6c52f62c6cc2af07b22ca86ed27f1a138ed57582fa67f7b50f98"
url = "https://github.com/siderolabs/talos/releases/download/v1.13.9/talosctl-darwin-arm64"
url_api = "https://api.github.com/repos/siderolabs/talos/releases/assets/520547612"
provenance = "cosign"

[tools.talosctl."platforms.macos-x64"]
checksum = "sha256:55902fec33e93d11b64e5e01ddd9dde7ae50679328b8f3556e6d86a51dbce866"
url = "https://github.com/siderolabs/talos/releases/download/v1.13.9/talosctl-darwin-amd64"
url_api = "https://api.github.com/repos/siderolabs/talos/releases/assets/520547607"
provenance = "cosign"

[tools.talosctl."platforms.windows-x64"]
checksum = "sha256:ae82483d1dd3a0bd879be5d204fb430ceb7688e8d3036d07a1783d31dec235f2"
url = "https://github.com/siderolabs/talos/releases/download/v1.13.9/talosctl-windows-amd64.exe"
url_api = "https://api.github.com/repos/siderolabs/talos/releases/assets/520547637"
provenance = "cosign"

[[tools.yq]]
version = "4.53.6"
backend = "aqua:mikefarah/yq"

[tools.yq."platforms.linux-arm64"]
checksum = "sha256:88a1016bc1d657375a35864e4f44b6f333df8ff97b559f51bba0adcb2169df09"
url = "https://github.com/mikefarah/yq/releases/download/v4.53.6/yq_linux_arm64"
url_api = "https://api.github.com/repos/mikefarah/yq/releases/assets/522028007"
provenance = "cosign"

[tools.yq."platforms.linux-arm64-musl"]
checksum = "sha256:88a1016bc1d657375a35864e4f44b6f333df8ff97b559f51bba0adcb2169df09"
url = "https://github.com/mikefarah/yq/releases/download/v4.53.6/yq_linux_arm64"
url_api = "https://api.github.com/repos/mikefarah/yq/releases/assets/522028007"
provenance = "cosign"

[tools.yq."platforms.linux-x64"]
checksum = "sha256:c5f056448f973ae7d39b5401949648a78f2dc1947d6a8eb65be60d5c504b9385"
url = "https://github.com/mikefarah/yq/releases/download/v4.53.6/yq_linux_amd64"
url_api = "https://api.github.com/repos/mikefarah/yq/releases/assets/522028022"
provenance = "cosign"

[tools.yq."platforms.linux-x64-musl"]
checksum = "sha256:c5f056448f973ae7d39b5401949648a78f2dc1947d6a8eb65be60d5c504b9385"
url = "https://github.com/mikefarah/yq/releases/download/v4.53.6/yq_linux_amd64"
url_api = "https://api.github.com/repos/mikefarah/yq/releases/assets/522028022"
provenance = "cosign"

[tools.yq."platforms.macos-arm64"]
checksum = "sha256:cceb0b8d71ea5294334121f8429f33f92b920e7217d904a2f9f35443968ac424"
url = "https://github.com/mikefarah/yq/releases/download/v4.53.6/yq_darwin_arm64"
url_api = "https://api.github.com/repos/mikefarah/yq/releases/assets/522028033"
provenance = "cosign"

[tools.yq."platforms.macos-x64"]
checksum = "sha256:caa513cb04f3804b34d4752f0e0d7904fecb9e7cf1d34081289f83259319a7f6"
url = "https://github.com/mikefarah/yq/releases/download/v4.53.6/yq_darwin_amd64"
url_api = "https://api.github.com/repos/mikefarah/yq/releases/assets/522028031"
provenance = "cosign"

[tools.yq."platforms.windows-x64"]
checksum = "sha256:ece3dd8bb50d39f93610506273ea262feb91e5c486bbddbb10abf91b2a6c0f14"
url = "https://github.com/mikefarah/yq/releases/download/v4.53.6/yq_windows_amd64.exe"
url_api = "https://api.github.com/repos/mikefarah/yq/releases/assets/522027974"
provenance = "cosign"
